// !$*UTF8*$!
{
	archiveVersion = 1;
	classes = {
	};
	objectVersion = 46;
	objects = {

/* Begin PBXBuildFile section */
		2F294B961792313200355455 /* MacMupen.framework in Frameworks */ = {isa = PBXBuildFile; fileRef = 2F294B951792313200355455 /* MacMupen.framework */; };
		2F3B4BCF175F0F0E007FC4D6 /* MALInput.framework in Frameworks */ = {isa = PBXBuildFile; fileRef = 2F3B4BCE175F0F0D007FC4D6 /* MALInput.framework */; };
		2F810733175979F5007099AB /* autoconfig.c in Sources */ = {isa = PBXBuildFile; fileRef = 2F810728175979F5007099AB /* autoconfig.c */; };
		2F810734175979F5007099AB /* autoconfig.h in Headers */ = {isa = PBXBuildFile; fileRef = 2F810729175979F5007099AB /* autoconfig.h */; };
		2F810735175979F5007099AB /* config.c in Sources */ = {isa = PBXBuildFile; fileRef = 2F81072A175979F5007099AB /* config.c */; };
		2F810736175979F5007099AB /* config.h in Headers */ = {isa = PBXBuildFile; fileRef = 2F81072B175979F5007099AB /* config.h */; };
		2F810737175979F5007099AB /* osal_dynamiclib_unix.c in Sources */ = {isa = PBXBuildFile; fileRef = 2F81072C175979F5007099AB /* osal_dynamiclib_unix.c */; };
		2F810739175979F5007099AB /* osal_dynamiclib.h in Headers */ = {isa = PBXBuildFile; fileRef = 2F81072E175979F5007099AB /* osal_dynamiclib.h */; };
		2F81073A175979F5007099AB /* osal_preproc.h in Headers */ = {isa = PBXBuildFile; fileRef = 2F81072F175979F5007099AB /* osal_preproc.h */; };
		2F81073B175979F5007099AB /* plugin.m in Sources */ = {isa = PBXBuildFile; fileRef = 2F810730175979F5007099AB /* plugin.m */; };
		2F81073C175979F5007099AB /* plugin.h in Headers */ = {isa = PBXBuildFile; fileRef = 2F810731175979F5007099AB /* plugin.h */; };
		2F81073D175979F5007099AB /* version.h in Headers */ = {isa = PBXBuildFile; fileRef = 2F810732175979F5007099AB /* version.h */; };
		2F81074217597B8C007099AB /* SDL.framework in Frameworks */ = {isa = PBXBuildFile; fileRef = 2F81074117597B8C007099AB /* SDL.framework */; };
/* End PBXBuildFile section */

/* Begin PBXFileReference section */
		2F294B951792313200355455 /* MacMupen.framework */ = {isa = PBXFileReference; lastKnownFileType = wrapper.framework; name = MacMupen.framework; path = ../../../../../../Library/Developer/Xcode/DerivedData/Products/Products/Debug/MacMupen.framework; sourceTree = "<group>"; };
		2F2B7C98176EB22C0001D2A5 /* m64p_common.h */ = {isa = PBXFileReference; fileEncoding = 4; lastKnownFileType = sourcecode.c.h; name = m64p_common.h; path = ../../MacMupen64/API/m64p_common.h; sourceTree = "<group>"; };
		2F2B7C99176EB22C0001D2A5 /* m64p_config.h */ = {isa = PBXFileReference; fileEncoding = 4; lastKnownFileType = sourcecode.c.h; name = m64p_config.h; path = ../../MacMupen64/API/m64p_config.h; sourceTree = "<group>"; };
		2F2B7C9A176EB22C0001D2A5 /* m64p_debugger.h */ = {isa = PBXFileReference; fileEncoding = 4; lastKnownFileType = sourcecode.c.h; name = m64p_debugger.h; path = ../../MacMupen64/API/m64p_debugger.h; sourceTree = "<group>"; };
		2F2B7C9B176EB22C0001D2A5 /* m64p_frontend.h */ = {isa = PBXFileReference; fileEncoding = 4; lastKnownFileType = sourcecode.c.h; name = m64p_frontend.h; path = ../../MacMupen64/API/m64p_frontend.h; sourceTree = "<group>"; };
		2F2B7C9C176EB22C0001D2A5 /* m64p_plugin.h */ = {isa = PBXFileReference; fileEncoding = 4; lastKnownFileType = sourcecode.c.h; name = m64p_plugin.h; path = ../../MacMupen64/API/m64p_plugin.h; sourceTree = "<group>"; };
		2F2B7C9D176EB22C0001D2A5 /* m64p_types.h */ = {isa = PBXFileReference; fileEncoding = 4; lastKnownFileType = sourcecode.c.h; name = m64p_types.h; path = ../../MacMupen64/API/m64p_types.h; sourceTree = "<group>"; };
		2F2B7C9E176EB22C0001D2A5 /* m64p_vidext.h */ = {isa = PBXFileReference; fileEncoding = 4; lastKnownFileType = sourcecode.c.h; name = m64p_vidext.h; path = ../../MacMupen64/API/m64p_vidext.h; sourceTree = "<group>"; };
		2F3B4BCE175F0F0D007FC4D6 /* MALInput.framework */ = {isa = PBXFileReference; lastKnownFileType = wrapper.framework; name = MALInput.framework; path = ../../../../../../Library/Developer/Xcode/DerivedData/Products/Products/Debug/MALInput.framework; sourceTree = "<group>"; };
		2F8107121759791B007099AB /* libmupen64plus-input-MALInput.dylib */ = {isa = PBXFileReference; explicitFileType = "compiled.mach-o.dylib"; includeInIndex = 0; path = "libmupen64plus-input-MALInput.dylib"; sourceTree = BUILT_PRODUCTS_DIR; };
		2F810728175979F5007099AB /* autoconfig.c */ = {isa = PBXFileReference; fileEncoding = 4; lastKnownFileType = sourcecode.c.c; name = autoconfig.c; path = ../src/autoconfig.c; sourceTree = "<group>"; };
		2F810729175979F5007099AB /* autoconfig.h */ = {isa = PBXFileReference; fileEncoding = 4; lastKnownFileType = sourcecode.c.h; name = autoconfig.h; path = ../src/autoconfig.h; sourceTree = "<group>"; };
		2F81072A175979F5007099AB /* config.c */ = {isa = PBXFileReference; fileEncoding = 4; lastKnownFileType = sourcecode.c.c; name = config.c; path = ../src/config.c; sourceTree = "<group>"; };
		2F81072B175979F5007099AB /* config.h */ = {isa = PBXFileReference; fileEncoding = 4; lastKnownFileType = sourcecode.c.h; name = config.h; path = ../src/config.h; sourceTree = "<group>"; };
		2F81072C175979F5007099AB /* osal_dynamiclib_unix.c */ = {isa = PBXFileReference; fileEncoding = 4; lastKnownFileType = sourcecode.c.c; name = osal_dynamiclib_unix.c; path = ../src/osal_dynamiclib_unix.c; sourceTree = "<group>"; };
		2F81072E175979F5007099AB /* osal_dynamiclib.h */ = {isa = PBXFileReference; fileEncoding = 4; lastKnownFileType = sourcecode.c.h; name = osal_dynamiclib.h; path = ../src/osal_dynamiclib.h; sourceTree = "<group>"; };
		2F81072F175979F5007099AB /* osal_preproc.h */ = {isa = PBXFileReference; fileEncoding = 4; lastKnownFileType = sourcecode.c.h; name = osal_preproc.h; path = ../src/osal_preproc.h; sourceTree = "<group>"; };
		2F810730175979F5007099AB /* plugin.m */ = {isa = PBXFileReference; fileEncoding = 4; lastKnownFileType = sourcecode.c.objc; name = plugin.m; path = ../src/plugin.m; sourceTree = "<group>"; };
		2F810731175979F5007099AB /* plugin.h */ = {isa = PBXFileReference; fileEncoding = 4; lastKnownFileType = sourcecode.c.h; name = plugin.h; path = ../src/plugin.h; sourceTree = "<group>"; };
		2F810732175979F5007099AB /* version.h */ = {isa = PBXFileReference; fileEncoding = 4; lastKnownFileType = sourcecode.c.h; name = version.h; path = ../src/version.h; sourceTree = "<group>"; };
		2F81074117597B8C007099AB /* SDL.framework */ = {isa = PBXFileReference; lastKnownFileType = wrapper.framework; name = SDL.framework; path = ../../../../../../../../Library/Frameworks/SDL.framework; sourceTree = "<group>"; };
/* End PBXFileReference section */

/* Begin PBXFrameworksBuildPhase section */
		2F81070F1759791B007099AB /* Frameworks */ = {
			isa = PBXFrameworksBuildPhase;
			buildActionMask = 2147483647;
			files = (
				2F294B961792313200355455 /* MacMupen.framework in Frameworks */,
				2F81074217597B8C007099AB /* SDL.framework in Frameworks */,
				2F3B4BCF175F0F0E007FC4D6 /* MALInput.framework in Frameworks */,
			);
			runOnlyForDeploymentPostprocessing = 0;
		};
/* End PBXFrameworksBuildPhase section */

/* Begin PBXGroup section */
		2F8107091759791B007099AB = {
			isa = PBXGroup;
			children = (
				2F294B951792313200355455 /* MacMupen.framework */,
				2F810727175979DE007099AB /* API */,
				2F81073E175979FB007099AB /* Plugin */,
				2F8107131759791B007099AB /* Products */,
				2F3B4BCE175F0F0D007FC4D6 /* MALInput.framework */,
				2F81074117597B8C007099AB /* SDL.framework */,
			);
			sourceTree = "<group>";
		};
		2F8107131759791B007099AB /* Products */ = {
			isa = PBXGroup;
			children = (
				2F8107121759791B007099AB /* libmupen64plus-input-MALInput.dylib */,
			);
			name = Products;
			sourceTree = "<group>";
		};
		2F810727175979DE007099AB /* API */ = {
			isa = PBXGroup;
			children = (
				2F2B7C98176EB22C0001D2A5 /* m64p_common.h */,
				2F2B7C99176EB22C0001D2A5 /* m64p_config.h */,
				2F2B7C9A176EB22C0001D2A5 /* m64p_debugger.h */,
				2F2B7C9B176EB22C0001D2A5 /* m64p_frontend.h */,
				2F2B7C9C176EB22C0001D2A5 /* m64p_plugin.h */,
				2F2B7C9D176EB22C0001D2A5 /* m64p_types.h */,
				2F2B7C9E176EB22C0001D2A5 /* m64p_vidext.h */,
			);
			name = API;
			sourceTree = "<group>";
		};
		2F81073E175979FB007099AB /* Plugin */ = {
			isa = PBXGroup;
			children = (
				2F810728175979F5007099AB /* autoconfig.c */,
				2F810729175979F5007099AB /* autoconfig.h */,
				2F81072A175979F5007099AB /* config.c */,
				2F81072B175979F5007099AB /* config.h */,
				2F81072C175979F5007099AB /* osal_dynamiclib_unix.c */,
				2F81072E175979F5007099AB /* osal_dynamiclib.h */,
				2F81072F175979F5007099AB /* osal_preproc.h */,
				2F810730175979F5007099AB /* plugin.m */,
				2F810731175979F5007099AB /* plugin.h */,
				2F810732175979F5007099AB /* version.h */,
			);
			name = Plugin;
			sourceTree = "<group>";
		};
/* End PBXGroup section */

/* Begin PBXHeadersBuildPhase section */
		2F8107101759791B007099AB /* Headers */ = {
			isa = PBXHeadersBuildPhase;
			buildActionMask = 2147483647;
			files = (
				2F810734175979F5007099AB /* autoconfig.h in Headers */,
				2F810736175979F5007099AB /* config.h in Headers */,
				2F810739175979F5007099AB /* osal_dynamiclib.h in Headers */,
				2F81073A175979F5007099AB /* osal_preproc.h in Headers */,
				2F81073C175979F5007099AB /* plugin.h in Headers */,
				2F81073D175979F5007099AB /* version.h in Headers */,
			);
			runOnlyForDeploymentPostprocessing = 0;
		};
/* End PBXHeadersBuildPhase section */

/* Begin PBXNativeTarget section */
		2F8107111759791B007099AB /* mupen64plus-input-MALInput */ = {
			isa = PBXNativeTarget;
			buildConfigurationList = 2F8107161759791B007099AB /* Build configuration list for PBXNativeTarget "mupen64plus-input-MALInput" */;
			buildPhases = (
				2F81070E1759791B007099AB /* Sources */,
				2F81070F1759791B007099AB /* Frameworks */,
				2F8107101759791B007099AB /* Headers */,
			);
			buildRules = (
			);
			dependencies = (
			);
			name = "mupen64plus-input-MALInput";
			productName = "mupen64plus-input-MALInput";
			productReference = 2F8107121759791B007099AB /* libmupen64plus-input-MALInput.dylib */;
			productType = "com.apple.product-type.library.dynamic";
		};
/* End PBXNativeTarget section */

/* Begin PBXProject section */
		2F81070A1759791B007099AB /* Project object */ = {
			isa = PBXProject;
			attributes = {
				LastUpgradeCheck = 0460;
				ORGANIZATIONNAME = Rovolo;
			};
			buildConfigurationList = 2F81070D1759791B007099AB /* Build configuration list for PBXProject "mupen64plus-input-MALInput" */;
			compatibilityVersion = "Xcode 3.2";
			developmentRegion = English;
			hasScannedForEncodings = 0;
			knownRegions = (
				en,
			);
			mainGroup = 2F8107091759791B007099AB;
			productRefGroup = 2F8107131759791B007099AB /* Products */;
			projectDirPath = "";
			projectRoot = "";
			targets = (
				2F8107111759791B007099AB /* mupen64plus-input-MALInput */,
			);
		};
/* End PBXProject section */

/* Begin PBXSourcesBuildPhase section */
		2F81070E1759791B007099AB /* Sources */ = {
			isa = PBXSourcesBuildPhase;
			buildActionMask = 2147483647;
			files = (
				2F810733175979F5007099AB /* autoconfig.c in Sources */,
				2F810735175979F5007099AB /* config.c in Sources */,
				2F810737175979F5007099AB /* osal_dynamiclib_unix.c in Sources */,
				2F81073B175979F5007099AB /* plugin.m in Sources */,
			);
			runOnlyForDeploymentPostprocessing = 0;
		};
/* End PBXSourcesBuildPhase section */

/* Begin XCBuildConfiguration section */
		2F8107141759791B007099AB /* Debug */ = {
			isa = XCBuildConfiguration;
			buildSettings = {
				ALWAYS_SEARCH_USER_PATHS = NO;
				ARCHS = "$(ARCHS_STANDARD_64_BIT)";
				CLANG_CXX_LANGUAGE_STANDARD = "gnu++0x";
				CLANG_CXX_LIBRARY = "libc++";
				CLANG_WARN_CONSTANT_CONVERSION = YES;
				CLANG_WARN_EMPTY_BODY = YES;
				CLANG_WARN_ENUM_CONVERSION = YES;
				CLANG_WARN_INT_CONVERSION = YES;
				CLANG_WARN__DUPLICATE_METHOD_MATCH = YES;
				COPY_PHASE_STRIP = NO;
				FRAMEWORK_SEARCH_PATHS = /Library/Frameworks;
				GCC_C_LANGUAGE_STANDARD = gnu99;
				GCC_DYNAMIC_NO_PIC = NO;
				GCC_ENABLE_OBJC_EXCEPTIONS = YES;
				GCC_OPTIMIZATION_LEVEL = 0;
				GCC_PREPROCESSOR_DEFINITIONS = (
					"DEBUG=1",
					"$(inherited)",
				);
				GCC_SYMBOLS_PRIVATE_EXTERN = NO;
				GCC_WARN_64_TO_32_BIT_CONVERSION = YES;
				GCC_WARN_ABOUT_RETURN_TYPE = YES;
				GCC_WARN_UNINITIALIZED_AUTOS = YES;
				GCC_WARN_UNUSED_VARIABLE = YES;
				MACOSX_DEPLOYMENT_TARGET = 10.8;
				ONLY_ACTIVE_ARCH = YES;
				SDKROOT = macosx;
			};
			name = Debug;
		};
		2F8107151759791B007099AB /* Release */ = {
			isa = XCBuildConfiguration;
			buildSettings = {
				ALWAYS_SEARCH_USER_PATHS = NO;
				ARCHS = "$(ARCHS_STANDARD_64_BIT)";
				CLANG_CXX_LANGUAGE_STANDARD = "gnu++0x";
				CLANG_CXX_LIBRARY = "libc++";
				CLANG_WARN_CONSTANT_CONVERSION = YES;
				CLANG_WARN_EMPTY_BODY = YES;
				CLANG_WARN_ENUM_CONVERSION = YES;
				CLANG_WARN_INT_CONVERSION = YES;
				CLANG_WARN__DUPLICATE_METHOD_MATCH = YES;
				COPY_PHASE_STRIP = YES;
				DEBUG_INFORMATION_FORMAT = "dwarf-with-dsym";
				FRAMEWORK_SEARCH_PATHS = /Library/Frameworks;
				GCC_C_LANGUAGE_STANDARD = gnu99;
				GCC_ENABLE_OBJC_EXCEPTIONS = YES;
				GCC_WARN_64_TO_32_BIT_CONVERSION = YES;
				GCC_WARN_ABOUT_RETURN_TYPE = YES;
				GCC_WARN_UNINITIALIZED_AUTOS = YES;
				GCC_WARN_UNUSED_VARIABLE = YES;
				MACOSX_DEPLOYMENT_TARGET = 10.8;
				SDKROOT = macosx;
			};
			name = Release;
		};
		2F8107171759791B007099AB /* Debug */ = {
			isa = XCBuildConfiguration;
			buildSettings = {
				EXECUTABLE_PREFIX = lib;
				FRAMEWORK_SEARCH_PATHS = (
					"$(inherited)",
					"\"$(SRCROOT)/../../../../../../Library/Developer/Xcode/DerivedData/Products/Products/Debug\"",
				);
				PRODUCT_NAME = "$(TARGET_NAME)";
			};
			name = Debug;
		};
		2F8107181759791B007099AB /* Release */ = {
			isa = XCBuildConfiguration;
			buildSettings = {
				EXECUTABLE_PREFIX = lib;
				FRAMEWORK_SEARCH_PATHS = (
					"$(inherited)",
					"\"$(SRCROOT)/../../../../../../Library/Developer/Xcode/DerivedData/Products/Products/Debug\"",
				);
				PRODUCT_NAME = "$(TARGET_NAME)";
			};
			name = Release;
		};
/* End XCBuildConfiguration section */

/* Begin XCConfigurationList section */
		2F81070D1759791B007099AB /* Build configuration list for PBXProject "mupen64plus-input-MALInput" */ = {
			isa = XCConfigurationList;
			buildConfigurations = (
				2F8107141759791B007099AB /* Debug */,
				2F8107151759791B007099AB /* Release */,
			);
			defaultConfigurationIsVisible = 0;
			defaultConfigurationName = Release;
		};
		2F8107161759791B007099AB /* Build configuration list for PBXNativeTarget "mupen64plus-input-MALInput" */ = {
			isa = XCConfigurationList;
			buildConfigurations = (
				2F8107171759791B007099AB /* Debug */,
				2F8107181759791B007099AB /* Release */,
			);
			defaultConfigurationIsVisible = 0;
			defaultConfigurationName = Release;
		};
/* End XCConfigurationList section */
	};
	rootObject = 2F81070A1759791B007099AB /* Project object */;
}
