// !$*UTF8*$!
{
	archiveVersion = 1;
	classes = {
	};
	objectVersion = 46;
	objects = {

/* Begin PBXBuildFile section */
		2F49511A1411019D00D2B2C1 /* Cocoa.framework in Frameworks */ = {isa = PBXBuildFile; fileRef = 2F4951191411019D00D2B2C1 /* Cocoa.framework */; };
		2F4951241411019D00D2B2C1 /* InfoPlist.strings in Resources */ = {isa = PBXBuildFile; fileRef = 2F4951221411019D00D2B2C1 /* InfoPlist.strings */; };
		2F4951261411019D00D2B2C1 /* main.m in Sources */ = {isa = PBXBuildFile; fileRef = 2F4951251411019D00D2B2C1 /* main.m */; };
		2F49512A1411019D00D2B2C1 /* Credits.rtf in Resources */ = {isa = PBXBuildFile; fileRef = 2F4951281411019D00D2B2C1 /* Credits.rtf */; };
		2F49512D1411019D00D2B2C1 /* MacMupen64AppDelegate.m in Sources */ = {isa = PBXBuildFile; fileRef = 2F49512C1411019D00D2B2C1 /* MacMupen64AppDelegate.m */; };
		2F4951301411019D00D2B2C1 /* MainMenu.xib in Resources */ = {isa = PBXBuildFile; fileRef = 2F49512E1411019D00D2B2C1 /* MainMenu.xib */; };
/* End PBXBuildFile section */

/* Begin PBXFileReference section */
		2F4951151411019D00D2B2C1 /* MacMupen64.app */ = {isa = PBXFileReference; explicitFileType = wrapper.application; includeInIndex = 0; path = MacMupen64.app; sourceTree = BUILT_PRODUCTS_DIR; };
		2F4951191411019D00D2B2C1 /* Cocoa.framework */ = {isa = PBXFileReference; lastKnownFileType = wrapper.framework; name = Cocoa.framework; path = System/Library/Frameworks/Cocoa.framework; sourceTree = SDKROOT; };
		2F49511C1411019D00D2B2C1 /* AppKit.framework */ = {isa = PBXFileReference; lastKnownFileType = wrapper.framework; name = AppKit.framework; path = System/Library/Frameworks/AppKit.framework; sourceTree = SDKROOT; };
		2F49511D1411019D00D2B2C1 /* CoreData.framework */ = {isa = PBXFileReference; lastKnownFileType = wrapper.framework; name = CoreData.framework; path = System/Library/Frameworks/CoreData.framework; sourceTree = SDKROOT; };
		2F49511E1411019D00D2B2C1 /* Foundation.framework */ = {isa = PBXFileReference; lastKnownFileType = wrapper.framework; name = Foundation.framework; path = System/Library/Frameworks/Foundation.framework; sourceTree = SDKROOT; };
		2F4951211411019D00D2B2C1 /* MacMupen64-Info.plist */ = {isa = PBXFileReference; path = "MacMupen64-Info.plist"; sourceTree = "<group>"; };
		2F4951231411019D00D2B2C1 /* en */ = {isa = PBXFileReference; lastKnownFileType = text.plist.strings; name = en; path = en.lproj/InfoPlist.strings; sourceTree = "<group>"; };
		2F4951251411019D00D2B2C1 /* main.m */ = {isa = PBXFileReference; lastKnownFileType = sourcecode.c.objc; path = main.m; sourceTree = "<group>"; };
		2F4951271411019D00D2B2C1 /* MacMupen64-Prefix.pch */ = {isa = PBXFileReference; path = "MacMupen64-Prefix.pch"; sourceTree = "<group>"; };
		2F4951291411019D00D2B2C1 /* en */ = {isa = PBXFileReference; lastKnownFileType = text.rtf; name = en; path = en.lproj/Credits.rtf; sourceTree = "<group>"; };
		2F49512B1411019D00D2B2C1 /* MacMupen64AppDelegate.h */ = {isa = PBXFileReference; path = MacMupen64AppDelegate.h; sourceTree = "<group>"; };
		2F49512C1411019D00D2B2C1 /* MacMupen64AppDelegate.m */ = {isa = PBXFileReference; lastKnownFileType = sourcecode.c.objc; path = MacMupen64AppDelegate.m; sourceTree = "<group>"; };
		2F49512F1411019D00D2B2C1 /* en */ = {isa = PBXFileReference; lastKnownFileType = file.xib; name = en; path = en.lproj/MainMenu.xib; sourceTree = "<group>"; };
/* End PBXFileReference section */

/* Begin PBXFrameworksBuildPhase section */
		2F4951121411019D00D2B2C1 /* Frameworks */ = {
			isa = PBXFrameworksBuildPhase;
			buildActionMask = 2147483647;
			files = (
				2F49511A1411019D00D2B2C1 /* Cocoa.framework in Frameworks */,
			);
			runOnlyForDeploymentPostprocessing = 0;
		};
/* End PBXFrameworksBuildPhase section */

/* Begin PBXGroup section */
		2F49510A1411019D00D2B2C1 = {
			isa = PBXGroup;
			children = (
				2F49511F1411019D00D2B2C1 /* MacMupen64 */,
				2F4951181411019D00D2B2C1 /* Frameworks */,
				2F4951161411019D00D2B2C1 /* Products */,
			);
			sourceTree = "<group>";
		};
		2F4951161411019D00D2B2C1 /* Products */ = {
			isa = PBXGroup;
			children = (
				2F4951151411019D00D2B2C1 /* MacMupen64.app */,
			);
			name = Products;
			sourceTree = "<group>";
		};
		2F4951181411019D00D2B2C1 /* Frameworks */ = {
			isa = PBXGroup;
			children = (
				2F4951191411019D00D2B2C1 /* Cocoa.framework */,
				2F49511B1411019D00D2B2C1 /* Other Frameworks */,
			);
			name = Frameworks;
			sourceTree = "<group>";
		};
		2F49511B1411019D00D2B2C1 /* Other Frameworks */ = {
			isa = PBXGroup;
			children = (
				2F49511C1411019D00D2B2C1 /* AppKit.framework */,
				2F49511D1411019D00D2B2C1 /* CoreData.framework */,
				2F49511E1411019D00D2B2C1 /* Foundation.framework */,
			);
			name = "Other Frameworks";
			sourceTree = "<group>";
		};
		2F49511F1411019D00D2B2C1 /* MacMupen64 */ = {
			isa = PBXGroup;
			children = (
				2F49512B1411019D00D2B2C1 /* MacMupen64AppDelegate.h */,
				2F49512C1411019D00D2B2C1 /* MacMupen64AppDelegate.m */,
				2F49512E1411019D00D2B2C1 /* MainMenu.xib */,
				2F4951201411019D00D2B2C1 /* Supporting Files */,
			);
			path = MacMupen64;
			sourceTree = "<group>";
		};
		2F4951201411019D00D2B2C1 /* Supporting Files */ = {
			isa = PBXGroup;
			children = (
				2F4951211411019D00D2B2C1 /* MacMupen64-Info.plist */,
				2F4951221411019D00D2B2C1 /* InfoPlist.strings */,
				2F4951251411019D00D2B2C1 /* main.m */,
				2F4951271411019D00D2B2C1 /* MacMupen64-Prefix.pch */,
				2F4951281411019D00D2B2C1 /* Credits.rtf */,
			);
			name = "Supporting Files";
			sourceTree = "<group>";
		};
/* End PBXGroup section */

/* Begin PBXNativeTarget section */
		2F4951141411019D00D2B2C1 /* MacMupen64 */ = {
			isa = PBXNativeTarget;
			buildConfigurationList = 2F4951331411019D00D2B2C1 /* Build configuration list for PBXNativeTarget "MacMupen64" */;
			buildPhases = (
				2F4951111411019D00D2B2C1 /* Sources */,
				2F4951121411019D00D2B2C1 /* Frameworks */,
				2F4951131411019D00D2B2C1 /* Resources */,
			);
			buildRules = (
			);
			dependencies = (
			);
			name = MacMupen64;
			productName = MacMupen64;
			productReference = 2F4951151411019D00D2B2C1 /* MacMupen64.app */;
			productType = "com.apple.product-type.application";
		};
/* End PBXNativeTarget section */

/* Begin PBXProject section */
		2F49510C1411019D00D2B2C1 /* Project object */ = {
			isa = PBXProject;
			buildConfigurationList = 2F49510F1411019D00D2B2C1 /* Build configuration list for PBXProject "MacMupen64" */;
			compatibilityVersion = "Xcode 3.2";
			developmentRegion = English;
			hasScannedForEncodings = 0;
			knownRegions = (
				en,
			);
			mainGroup = 2F49510A1411019D00D2B2C1;
			productRefGroup = 2F4951161411019D00D2B2C1 /* Products */;
			projectDirPath = "";
			projectRoot = "";
			targets = (
				2F4951141411019D00D2B2C1 /* MacMupen64 */,
			);
		};
/* End PBXProject section */

/* Begin PBXResourcesBuildPhase section */
		2F4951131411019D00D2B2C1 /* Resources */ = {
			isa = PBXResourcesBuildPhase;
			buildActionMask = 2147483647;
			files = (
				2F4951241411019D00D2B2C1 /* InfoPlist.strings in Resources */,
				2F49512A1411019D00D2B2C1 /* Credits.rtf in Resources */,
				2F4951301411019D00D2B2C1 /* MainMenu.xib in Resources */,
			);
			runOnlyForDeploymentPostprocessing = 0;
		};
/* End PBXResourcesBuildPhase section */

/* Begin PBXSourcesBuildPhase section */
		2F4951111411019D00D2B2C1 /* Sources */ = {
			isa = PBXSourcesBuildPhase;
			buildActionMask = 2147483647;
			files = (
				2F4951261411019D00D2B2C1 /* main.m in Sources */,
				2F49512D1411019D00D2B2C1 /* MacMupen64AppDelegate.m in Sources */,
			);
			runOnlyForDeploymentPostprocessing = 0;
		};
/* End PBXSourcesBuildPhase section */

/* Begin PBXVariantGroup section */
		2F4951221411019D00D2B2C1 /* InfoPlist.strings */ = {
			isa = PBXVariantGroup;
			children = (
				2F4951231411019D00D2B2C1 /* en */,
			);
			name = InfoPlist.strings;
			sourceTree = "<group>";
		};
		2F4951281411019D00D2B2C1 /* Credits.rtf */ = {
			isa = PBXVariantGroup;
			children = (
				2F4951291411019D00D2B2C1 /* en */,
			);
			name = Credits.rtf;
			sourceTree = "<group>";
		};
		2F49512E1411019D00D2B2C1 /* MainMenu.xib */ = {
			isa = PBXVariantGroup;
			children = (
				2F49512F1411019D00D2B2C1 /* en */,
			);
			name = MainMenu.xib;
			sourceTree = "<group>";
		};
/* End PBXVariantGroup section */

/* Begin XCBuildConfiguration section */
		2F4951311411019D00D2B2C1 /* Debug */ = {
			isa = XCBuildConfiguration;
			buildSettings = {
				ALWAYS_SEARCH_USER_PATHS = NO;
				ARCHS = "$(ARCHS_STANDARD_64_BIT)";
				COPY_PHASE_STRIP = NO;
				GCC_C_LANGUAGE_STANDARD = gnu99;
				GCC_DYNAMIC_NO_PIC = NO;
				GCC_ENABLE_OBJC_EXCEPTIONS = YES;
				GCC_OPTIMIZATION_LEVEL = 0;
				GCC_PREPROCESSOR_DEFINITIONS = (
					"DEBUG=1",
					"$(inherited)",
				);
				GCC_SYMBOLS_PRIVATE_EXTERN = NO;
				GCC_VERSION = com.apple.compilers.llvm.clang.1_0;
				GCC_WARN_64_TO_32_BIT_CONVERSION = YES;
				GCC_WARN_ABOUT_MISSING_PROTOTYPES = YES;
				GCC_WARN_ABOUT_RETURN_TYPE = YES;
				GCC_WARN_UNUSED_VARIABLE = YES;
				MACOSX_DEPLOYMENT_TARGET = 10.7;
				ONLY_ACTIVE_ARCH = YES;
				SDKROOT = macosx;
			};
			name = Debug;
		};
		2F4951321411019D00D2B2C1 /* Release */ = {
			isa = XCBuildConfiguration;
			buildSettings = {
				ALWAYS_SEARCH_USER_PATHS = NO;
				ARCHS = "$(ARCHS_STANDARD_64_BIT)";
				COPY_PHASE_STRIP = YES;
				DEBUG_INFORMATION_FORMAT = "dwarf-with-dsym";
				GCC_C_LANGUAGE_STANDARD = gnu99;
				GCC_ENABLE_OBJC_EXCEPTIONS = YES;
				GCC_VERSION = com.apple.compilers.llvm.clang.1_0;
				GCC_WARN_64_TO_32_BIT_CONVERSION = YES;
				GCC_WARN_ABOUT_MISSING_PROTOTYPES = YES;
				GCC_WARN_ABOUT_RETURN_TYPE = YES;
				GCC_WARN_UNUSED_VARIABLE = YES;
				MACOSX_DEPLOYMENT_TARGET = 10.7;
				SDKROOT = macosx;
			};
			name = Release;
		};
		2F4951341411019D00D2B2C1 /* Debug */ = {
			isa = XCBuildConfiguration;
			buildSettings = {
				GCC_PRECOMPILE_PREFIX_HEADER = YES;
				GCC_PREFIX_HEADER = "MacMupen64/MacMupen64-Prefix.pch";
				INFOPLIST_FILE = "MacMupen64/MacMupen64-Info.plist";
				PRODUCT_NAME = "$(TARGET_NAME)";
				WRAPPER_EXTENSION = app;
			};
			name = Debug;
		};
		2F4951351411019D00D2B2C1 /* Release */ = {
			isa = XCBuildConfiguration;
			buildSettings = {
				GCC_PRECOMPILE_PREFIX_HEADER = YES;
				GCC_PREFIX_HEADER = "MacMupen64/MacMupen64-Prefix.pch";
				INFOPLIST_FILE = "MacMupen64/MacMupen64-Info.plist";
				PRODUCT_NAME = "$(TARGET_NAME)";
				WRAPPER_EXTENSION = app;
			};
			name = Release;
		};
/* End XCBuildConfiguration section */

/* Begin XCConfigurationList section */
		2F49510F1411019D00D2B2C1 /* Build configuration list for PBXProject "MacMupen64" */ = {
			isa = XCConfigurationList;
			buildConfigurations = (
				2F4951311411019D00D2B2C1 /* Debug */,
				2F4951321411019D00D2B2C1 /* Release */,
			);
			defaultConfigurationIsVisible = 0;
			defaultConfigurationName = Release;
		};
		2F4951331411019D00D2B2C1 /* Build configuration list for PBXNativeTarget "MacMupen64" */ = {
			isa = XCConfigurationList;
			buildConfigurations = (
				2F4951341411019D00D2B2C1 /* Debug */,
				2F4951351411019D00D2B2C1 /* Release */,
			);
			defaultConfigurationIsVisible = 0;
		};
/* End XCConfigurationList section */
	};
	rootObject = 2F49510C1411019D00D2B2C1 /* Project object */;
}
