// !$*UTF8*$!
{
	archiveVersion = 1;
	classes = {
	};
	objectVersion = 46;
	objects = {

/* Begin PBXBuildFile section */
		2F281A8717ACB4F3004EE8AA /* mupen64plus.cht in Resources */ = {isa = PBXBuildFile; fileRef = 2F281A7F17ACB480004EE8AA /* mupen64plus.cht */; };
		2F281A8817ACB4F3004EE8AA /* mupen64plus.ini in Resources */ = {isa = PBXBuildFile; fileRef = 2F281A8017ACB480004EE8AA /* mupen64plus.ini */; };
		2F281A8917ACB4F3004EE8AA /* mupencheat.txt in Resources */ = {isa = PBXBuildFile; fileRef = 2F281A8117ACB480004EE8AA /* mupencheat.txt */; };
		2F281A8A17ACB4F3004EE8AA /* RiceVideoLinux.ini in Resources */ = {isa = PBXBuildFile; fileRef = 2F281A8217ACB480004EE8AA /* RiceVideoLinux.ini */; };
		2F281B1217ACE89A004EE8AA /* libmupen64plus.dylib in CopyFiles */ = {isa = PBXBuildFile; fileRef = 2F281B1117ACE89A004EE8AA /* libmupen64plus.dylib */; };
		2F281B6217B0B1AB004EE8AA /* mupen64plus-audio-sdl.dylib in CopyFiles */ = {isa = PBXBuildFile; fileRef = 2F281B5C17B0B006004EE8AA /* mupen64plus-audio-sdl.dylib */; };
		2F281B6317B0B1AD004EE8AA /* mupen64plus-rsp-hle.dylib in CopyFiles */ = {isa = PBXBuildFile; fileRef = 2F281B5D17B0B006004EE8AA /* mupen64plus-rsp-hle.dylib */; };
		2F281B6417B0B1B1004EE8AA /* mupen64plus-video-rice.dylib in CopyFiles */ = {isa = PBXBuildFile; fileRef = 2F281B5E17B0B006004EE8AA /* mupen64plus-video-rice.dylib */; };
		2F294B6B179224C900355455 /* Cocoa.framework in Frameworks */ = {isa = PBXBuildFile; fileRef = 2F4951191411019D00D2B2C1 /* Cocoa.framework */; };
		2F294B71179224C900355455 /* InfoPlist.strings in Resources */ = {isa = PBXBuildFile; fileRef = 2F294B6F179224C900355455 /* InfoPlist.strings */; };
		2F294B7D179225F800355455 /* MALGameWindow.m in Sources */ = {isa = PBXBuildFile; fileRef = 2F495189141102FD00D2B2C1 /* MALGameWindow.m */; };
		2F294B7E179225F800355455 /* core_interface.c in Sources */ = {isa = PBXBuildFile; fileRef = 2F495169141102CB00D2B2C1 /* core_interface.c */; };
		2F294B7F179225F800355455 /* MALMupenEngine.m in Sources */ = {isa = PBXBuildFile; fileRef = 2F49516C141102CB00D2B2C1 /* MALMupenEngine.m */; };
		2F294B80179225F800355455 /* MALMupenPlugin.m in Sources */ = {isa = PBXBuildFile; fileRef = 2F49516E141102CB00D2B2C1 /* MALMupenPlugin.m */; };
		2F294B81179225F800355455 /* MALMupenCore.m in Sources */ = {isa = PBXBuildFile; fileRef = 2F495170141102CB00D2B2C1 /* MALMupenCore.m */; };
		2F294B82179225F800355455 /* MALMupenRom.m in Sources */ = {isa = PBXBuildFile; fileRef = 2F495172141102CB00D2B2C1 /* MALMupenRom.m */; };
		2F294B831792260500355455 /* MALGameWindow.h in Headers */ = {isa = PBXBuildFile; fileRef = 2F495188141102FD00D2B2C1 /* MALGameWindow.h */; settings = {ATTRIBUTES = (Public, ); }; };
		2F294B841792260500355455 /* core_interface.h in Headers */ = {isa = PBXBuildFile; fileRef = 2F49516A141102CB00D2B2C1 /* core_interface.h */; settings = {ATTRIBUTES = (Public, ); }; };
		2F294B851792260500355455 /* MALMupenEngine.h in Headers */ = {isa = PBXBuildFile; fileRef = 2F49516B141102CB00D2B2C1 /* MALMupenEngine.h */; settings = {ATTRIBUTES = (Public, ); }; };
		2F294B861792260500355455 /* MALMupenPlugin.h in Headers */ = {isa = PBXBuildFile; fileRef = 2F49516D141102CB00D2B2C1 /* MALMupenPlugin.h */; settings = {ATTRIBUTES = (Public, ); }; };
		2F294B871792260500355455 /* MALMupenCore.h in Headers */ = {isa = PBXBuildFile; fileRef = 2F49516F141102CB00D2B2C1 /* MALMupenCore.h */; settings = {ATTRIBUTES = (Public, ); }; };
		2F294B881792260500355455 /* MALMupenRom.h in Headers */ = {isa = PBXBuildFile; fileRef = 2F495171141102CB00D2B2C1 /* MALMupenRom.h */; settings = {ATTRIBUTES = (Public, ); }; };
		2F294B8A179226E100355455 /* cheat.c in Sources */ = {isa = PBXBuildFile; fileRef = 2F4951441411021600D2B2C1 /* cheat.c */; };
		2F294B8B179226E100355455 /* compare_core.c in Sources */ = {isa = PBXBuildFile; fileRef = 2F4951461411021600D2B2C1 /* compare_core.c */; };
		2F294B8C179226E100355455 /* main.m in Sources */ = {isa = PBXBuildFile; fileRef = 2F4951481411021600D2B2C1 /* main.m */; };
		2F294B8D179226E100355455 /* osal_dynamiclib_unix.m in Sources */ = {isa = PBXBuildFile; fileRef = 2F49514B1411021600D2B2C1 /* osal_dynamiclib_unix.m */; };
		2F294B8E1792270500355455 /* videoExtension.m in Sources */ = {isa = PBXBuildFile; fileRef = 2F4951551411023300D2B2C1 /* videoExtension.m */; };
		2F294B8F1792272400355455 /* MacMupen.framework in Frameworks */ = {isa = PBXBuildFile; fileRef = 2F294B6A179224C900355455 /* MacMupen.framework */; };
		2F294B901792273300355455 /* MacMupen.framework in CopyFiles */ = {isa = PBXBuildFile; fileRef = 2F294B6A179224C900355455 /* MacMupen.framework */; };
		2F294B9117922BD600355455 /* preferences.m in Sources */ = {isa = PBXBuildFile; fileRef = 2F495180141102E700D2B2C1 /* preferences.m */; };
		2F294B94179230D500355455 /* MacMupen.framework in Frameworks */ = {isa = PBXBuildFile; fileRef = 2F294B6A179224C900355455 /* MacMupen.framework */; };
		2F2B7C88176EAB250001D2A5 /* Volume33PercentTemplate.pdf in Resources */ = {isa = PBXBuildFile; fileRef = 2F2B7C83176EAB250001D2A5 /* Volume33PercentTemplate.pdf */; };
		2F2B7C89176EAB250001D2A5 /* Volume66PercentTemplate.pdf in Resources */ = {isa = PBXBuildFile; fileRef = 2F2B7C84176EAB250001D2A5 /* Volume66PercentTemplate.pdf */; };
		2F2B7C8A176EAB250001D2A5 /* Volume100PercentTemplate.pdf in Resources */ = {isa = PBXBuildFile; fileRef = 2F2B7C85176EAB250001D2A5 /* Volume100PercentTemplate.pdf */; };
		2F2B7C8B176EAB250001D2A5 /* Volume0PercentCroppedTemplate.pdf in Resources */ = {isa = PBXBuildFile; fileRef = 2F2B7C86176EAB250001D2A5 /* Volume0PercentCroppedTemplate.pdf */; };
		2F2B7C8C176EAB250001D2A5 /* Volume0PercentTemplate.pdf in Resources */ = {isa = PBXBuildFile; fileRef = 2F2B7C87176EAB250001D2A5 /* Volume0PercentTemplate.pdf */; };
		2F49511A1411019D00D2B2C1 /* Cocoa.framework in Frameworks */ = {isa = PBXBuildFile; fileRef = 2F4951191411019D00D2B2C1 /* Cocoa.framework */; };
		2F4951241411019D00D2B2C1 /* InfoPlist.strings in Resources */ = {isa = PBXBuildFile; fileRef = 2F4951221411019D00D2B2C1 /* InfoPlist.strings */; };
		2F49512A1411019D00D2B2C1 /* Credits.rtf in Resources */ = {isa = PBXBuildFile; fileRef = 2F4951281411019D00D2B2C1 /* Credits.rtf */; };
		2F4951301411019D00D2B2C1 /* MainMenu.xib in Resources */ = {isa = PBXBuildFile; fileRef = 2F49512E1411019D00D2B2C1 /* MainMenu.xib */; };
		2F4951561411023300D2B2C1 /* SDLMain.m in Sources */ = {isa = PBXBuildFile; fileRef = 2F4951531411023300D2B2C1 /* SDLMain.m */; };
		2F49518C141102FD00D2B2C1 /* MALArrayController.m in Sources */ = {isa = PBXBuildFile; fileRef = 2F495187141102FD00D2B2C1 /* MALArrayController.m */; };
		2F49518E141102FD00D2B2C1 /* MALMainWindowController.m in Sources */ = {isa = PBXBuildFile; fileRef = 2F49518B141102FD00D2B2C1 /* MALMainWindowController.m */; };
		2F4951A91411032A00D2B2C1 /* PluginListPane.xib in Resources */ = {isa = PBXBuildFile; fileRef = 2F4951901411032A00D2B2C1 /* PluginListPane.xib */; };
		2F4951AA1411032A00D2B2C1 /* ROMListPane.xib in Resources */ = {isa = PBXBuildFile; fileRef = 2F4951911411032A00D2B2C1 /* ROMListPane.xib */; };
		2F4951AD1411032A00D2B2C1 /* font.ttf in Resources */ = {isa = PBXBuildFile; fileRef = 2F4951941411032A00D2B2C1 /* font.ttf */; };
		2F4951B11411032A00D2B2C1 /* mupen64plus_rom.icns in Resources */ = {isa = PBXBuildFile; fileRef = 2F4951981411032A00D2B2C1 /* mupen64plus_rom.icns */; };
		2F4951BD1411032A00D2B2C1 /* InfoPlist.strings in Resources */ = {isa = PBXBuildFile; fileRef = 2F4951A41411032A00D2B2C1 /* InfoPlist.strings */; };
		2F4951BF1411032A00D2B2C1 /* mainWindow.xib in Resources */ = {isa = PBXBuildFile; fileRef = 2F4951A61411032A00D2B2C1 /* mainWindow.xib */; };
		2F4951C01411032A00D2B2C1 /* Preferences.xib in Resources */ = {isa = PBXBuildFile; fileRef = 2F4951A71411032A00D2B2C1 /* Preferences.xib */; };
		2F4951C11411032A00D2B2C1 /* GameWindow.xib in Resources */ = {isa = PBXBuildFile; fileRef = 2F4951A81411032A00D2B2C1 /* GameWindow.xib */; };
		2F4951D614110AFF00D2B2C1 /* mupen64plus.icns in Resources */ = {isa = PBXBuildFile; fileRef = 2F4951D514110AFF00D2B2C1 /* mupen64plus.icns */; };
		2F4951DE14110DF500D2B2C1 /* Cocoa.framework in Frameworks */ = {isa = PBXBuildFile; fileRef = 2F4951191411019D00D2B2C1 /* Cocoa.framework */; };
		2F4951E414110DF600D2B2C1 /* InfoPlist.strings in Resources */ = {isa = PBXBuildFile; fileRef = 2F4951E214110DF600D2B2C1 /* InfoPlist.strings */; };
		2F4951E914110E2D00D2B2C1 /* PluginListPane.xib in Sources */ = {isa = PBXBuildFile; fileRef = 2F4951901411032A00D2B2C1 /* PluginListPane.xib */; };
		2F4951EA14110E2F00D2B2C1 /* ROMListPane.xib in Sources */ = {isa = PBXBuildFile; fileRef = 2F4951911411032A00D2B2C1 /* ROMListPane.xib */; };
		2F6663E616FFFF0F00AD360B /* n64ControllerBig.png in Resources */ = {isa = PBXBuildFile; fileRef = 2F6663E516FFFF0F00AD360B /* n64ControllerBig.png */; };
		2F8FCFEE17B5FBC900400C0B /* MALInput.framework in Frameworks */ = {isa = PBXBuildFile; fileRef = 2FF8ADA217B5EA4F0060F0E9 /* MALInput.framework */; };
		2F8FCFFB17B5FF5B00400C0B /* libmupen64plus-input-MALInput.dylib in CopyFiles */ = {isa = PBXBuildFile; fileRef = 2F8FCFFA17B5FF5B00400C0B /* libmupen64plus-input-MALInput.dylib */; };
		2F8FCFFE17B6012400400C0B /* MALInput.framework in Frameworks */ = {isa = PBXBuildFile; fileRef = 2FF8ADA217B5EA4F0060F0E9 /* MALInput.framework */; };
		2F8FCFFF17B6014400400C0B /* MALInput.framework in Frameworks */ = {isa = PBXBuildFile; fileRef = 2FF8ADA217B5EA4F0060F0E9 /* MALInput.framework */; };
		2F8FD00217B60C6700400C0B /* mupen64plus-video-arachnoid.dylib in CopyFiles */ = {isa = PBXBuildFile; fileRef = 2F8FD00117B60C6700400C0B /* mupen64plus-video-arachnoid.dylib */; };
		2F8FD00717B60F6600400C0B /* mupen64plus-video-glide64mk2.dylib in CopyFiles */ = {isa = PBXBuildFile; fileRef = 2F8FD00517B60F1B00400C0B /* mupen64plus-video-glide64mk2.dylib */; };
		2F8FD00817B60F7A00400C0B /* Glide64mk2.ini in Resources */ = {isa = PBXBuildFile; fileRef = 2F8FD00317B60EEC00400C0B /* Glide64mk2.ini */; };
		2F8FD01317B616BD00400C0B /* libpng15.15.dylib in CopyFiles */ = {isa = PBXBuildFile; fileRef = 2F8FD01117B616A900400C0B /* libpng15.15.dylib */; };
		2F8FD02117B724FB00400C0B /* libboost_filesystem-mt.dylib in CopyFiles */ = {isa = PBXBuildFile; fileRef = 2F8FD01517B61CFD00400C0B /* libboost_filesystem-mt.dylib */; };
		2F8FD02217B7250000400C0B /* libboost_system-mt.dylib in CopyFiles */ = {isa = PBXBuildFile; fileRef = 2F8FD01617B61CFD00400C0B /* libboost_system-mt.dylib */; };
		2F8FD02317B7250E00400C0B /* libbz2.1.0.dylib in CopyFiles */ = {isa = PBXBuildFile; fileRef = 2F8FD01917B724DA00400C0B /* libbz2.1.0.dylib */; };
		2F8FD02417B7251300400C0B /* libsamplerate.0.dylib in CopyFiles */ = {isa = PBXBuildFile; fileRef = 2F8FD01A17B724DA00400C0B /* libsamplerate.0.dylib */; };
		2F8FD02517B7251600400C0B /* libspeexdsp.1.dylib in CopyFiles */ = {isa = PBXBuildFile; fileRef = 2F8FD01B17B724DA00400C0B /* libspeexdsp.1.dylib */; };
		2F8FD02617B7251800400C0B /* libz.1.dylib in CopyFiles */ = {isa = PBXBuildFile; fileRef = 2F8FD01C17B724DA00400C0B /* libz.1.dylib */; };
		2F9FF6C41628B06500E1821F /* MALAdditions.m in Sources */ = {isa = PBXBuildFile; fileRef = 2F495164141102BF00D2B2C1 /* MALAdditions.m */; };
		2F9FF6C51628B06500E1821F /* MALBackporting.m in Sources */ = {isa = PBXBuildFile; fileRef = 2F495166141102BF00D2B2C1 /* MALBackporting.m */; };
		2F9FF6C71628B0B400E1821F /* OpenGL.framework in Frameworks */ = {isa = PBXBuildFile; fileRef = 2F9FF6C61628B0B400E1821F /* OpenGL.framework */; };
		2FB3889816F29FAC0023CAAF /* InputPane.xib in Sources */ = {isa = PBXBuildFile; fileRef = 2FB3889316F29F1D0023CAAF /* InputPane.xib */; };
		2FB3889A16F2A1740023CAAF /* 09494148_64Controller_answer_1_small.jpeg in Resources */ = {isa = PBXBuildFile; fileRef = 2FB3889916F2A1740023CAAF /* 09494148_64Controller_answer_1_small.jpeg */; };
		2FB3889B16F2A1960023CAAF /* 09494148_64Controller_answer_1_small.jpeg in Resources */ = {isa = PBXBuildFile; fileRef = 2FB3889916F2A1740023CAAF /* 09494148_64Controller_answer_1_small.jpeg */; };
		2FB388A016F2A5F60023CAAF /* MALPreferencesWindowController.m in Sources */ = {isa = PBXBuildFile; fileRef = 2F49517E141102E700D2B2C1 /* MALPreferencesWindowController.m */; };
		2FB388A116F2A5FA0023CAAF /* MALPreferencesInputController.m in Sources */ = {isa = PBXBuildFile; fileRef = 2FB3889D16F2A3A10023CAAF /* MALPreferencesInputController.m */; };
		2FB388A216F2A9600023CAAF /* Preference Panes.bundle in CopyFiles */ = {isa = PBXBuildFile; fileRef = 2F4951DD14110DF500D2B2C1 /* Preference Panes.bundle */; };
		2FD8F64F17A8A9070007685C /* libfreetype.6.dylib in CopyFiles */ = {isa = PBXBuildFile; fileRef = 2F768BEF17A8A8DF00E8CD2A /* libfreetype.6.dylib */; };
		2FD8F65417A8A90A0007685C /* libSDL-1.2.0.dylib in CopyFiles */ = {isa = PBXBuildFile; fileRef = 2F768BF117A8A8DF00E8CD2A /* libSDL-1.2.0.dylib */; };
		2FD8F65517A8A9200007685C /* libSDL-1.2.0.dylib in Frameworks */ = {isa = PBXBuildFile; fileRef = 2F768BF117A8A8DF00E8CD2A /* libSDL-1.2.0.dylib */; };
		2FD8F66F17A8AE080007685C /* m64p_common.h in Headers */ = {isa = PBXBuildFile; fileRef = 2FD8F65E17A8AE080007685C /* m64p_common.h */; };
		2FD8F67017A8AE080007685C /* m64p_config.h in Headers */ = {isa = PBXBuildFile; fileRef = 2FD8F65F17A8AE080007685C /* m64p_config.h */; };
		2FD8F67117A8AE080007685C /* m64p_debugger.h in Headers */ = {isa = PBXBuildFile; fileRef = 2FD8F66017A8AE080007685C /* m64p_debugger.h */; };
		2FD8F67217A8AE080007685C /* m64p_frontend.h in Headers */ = {isa = PBXBuildFile; fileRef = 2FD8F66117A8AE080007685C /* m64p_frontend.h */; };
		2FD8F67317A8AE080007685C /* m64p_plugin.h in Headers */ = {isa = PBXBuildFile; fileRef = 2FD8F66217A8AE080007685C /* m64p_plugin.h */; };
		2FD8F67417A8AE080007685C /* m64p_types.h in Headers */ = {isa = PBXBuildFile; fileRef = 2FD8F66317A8AE080007685C /* m64p_types.h */; };
		2FD8F67517A8AE080007685C /* m64p_vidext.h in Headers */ = {isa = PBXBuildFile; fileRef = 2FD8F66417A8AE080007685C /* m64p_vidext.h */; };
/* End PBXBuildFile section */

/* Begin PBXContainerItemProxy section */
		2F49520114128F5E00D2B2C1 /* PBXContainerItemProxy */ = {
			isa = PBXContainerItemProxy;
			containerPortal = 2F49510C1411019D00D2B2C1 /* Project object */;
			proxyType = 1;
			remoteGlobalIDString = 2F4951DC14110DF500D2B2C1;
			remoteInfo = "Preference Panes";
		};
		2F8FCFD217B5F26200400C0B /* PBXContainerItemProxy */ = {
			isa = PBXContainerItemProxy;
			containerPortal = 2F3B4BCC17599C66007FC4D6 /* MALHid.xcodeproj */;
			proxyType = 1;
			remoteGlobalIDString = 2F8FCFC917B5F0EA00400C0B;
			remoteInfo = "MALInput (copy products to project dir)";
		};
		2F8FCFE117B5FB3B00400C0B /* PBXContainerItemProxy */ = {
			isa = PBXContainerItemProxy;
			containerPortal = 2F8FCFDB17B5FB3A00400C0B /* mupen64plus-input-MALInput.xcodeproj */;
			proxyType = 2;
			remoteGlobalIDString = 2F8107121759791B007099AB;
			remoteInfo = "mupen64plus-input-MALInput";
		};
		2F8FCFEB17B5FBC200400C0B /* PBXContainerItemProxy */ = {
			isa = PBXContainerItemProxy;
			containerPortal = 2F3B4BCC17599C66007FC4D6 /* MALHid.xcodeproj */;
			proxyType = 1;
			remoteGlobalIDString = 2F8FCFC917B5F0EA00400C0B;
			remoteInfo = "MALInput (copy products to project dir)";
		};
		2F8FCFF217B5FEFD00400C0B /* PBXContainerItemProxy */ = {
			isa = PBXContainerItemProxy;
			containerPortal = 2F8FCFDB17B5FB3A00400C0B /* mupen64plus-input-MALInput.xcodeproj */;
			proxyType = 1;
			remoteGlobalIDString = 2F8FCFE417B5FB6600400C0B;
			remoteInfo = "mupen64plus-input (copy products to source directory)";
		};
		2F8FCFFC17B6011D00400C0B /* PBXContainerItemProxy */ = {
			isa = PBXContainerItemProxy;
			containerPortal = 2F3B4BCC17599C66007FC4D6 /* MALHid.xcodeproj */;
			proxyType = 1;
			remoteGlobalIDString = 2F8FCFC917B5F0EA00400C0B;
			remoteInfo = "MALInput (copy products to project dir)";
		};
		2FF8AD9F17B5EA4F0060F0E9 /* PBXContainerItemProxy */ = {
			isa = PBXContainerItemProxy;
			containerPortal = 2F3B4BCC17599C66007FC4D6 /* MALHid.xcodeproj */;
			proxyType = 2;
			remoteGlobalIDString = 2F05799C14C05B15009D8B82;
			remoteInfo = HIDTest;
		};
		2FF8ADA117B5EA4F0060F0E9 /* PBXContainerItemProxy */ = {
			isa = PBXContainerItemProxy;
			containerPortal = 2F3B4BCC17599C66007FC4D6 /* MALHid.xcodeproj */;
			proxyType = 2;
			remoteGlobalIDString = 2F0579B214C05F51009D8B82;
			remoteInfo = MALInput;
		};
/* End PBXContainerItemProxy section */

/* Begin PBXCopyFilesBuildPhase section */
		2F4951C81411057200D2B2C1 /* CopyFiles */ = {
			isa = PBXCopyFilesBuildPhase;
			buildActionMask = 2147483647;
			dstPath = "";
			dstSubfolderSpec = 13;
			files = (
				2FB388A216F2A9600023CAAF /* Preference Panes.bundle in CopyFiles */,
				2F281B1217ACE89A004EE8AA /* libmupen64plus.dylib in CopyFiles */,
				2F281B6217B0B1AB004EE8AA /* mupen64plus-audio-sdl.dylib in CopyFiles */,
				2F281B6317B0B1AD004EE8AA /* mupen64plus-rsp-hle.dylib in CopyFiles */,
				2F281B6417B0B1B1004EE8AA /* mupen64plus-video-rice.dylib in CopyFiles */,
				2F8FD00717B60F6600400C0B /* mupen64plus-video-glide64mk2.dylib in CopyFiles */,
				2F8FCFFB17B5FF5B00400C0B /* libmupen64plus-input-MALInput.dylib in CopyFiles */,
			);
			runOnlyForDeploymentPostprocessing = 0;
		};
		2F4951CE141105D800D2B2C1 /* CopyFiles */ = {
			isa = PBXCopyFilesBuildPhase;
			buildActionMask = 2147483647;
			dstPath = Contents/libs;
			dstSubfolderSpec = 1;
			files = (
				2F8FD02117B724FB00400C0B /* libboost_filesystem-mt.dylib in CopyFiles */,
				2F8FD02617B7251800400C0B /* libz.1.dylib in CopyFiles */,
				2F8FD02217B7250000400C0B /* libboost_system-mt.dylib in CopyFiles */,
				2F8FD02517B7251600400C0B /* libspeexdsp.1.dylib in CopyFiles */,
				2FD8F64F17A8A9070007685C /* libfreetype.6.dylib in CopyFiles */,
				2F8FD02317B7250E00400C0B /* libbz2.1.0.dylib in CopyFiles */,
				2F8FD02417B7251300400C0B /* libsamplerate.0.dylib in CopyFiles */,
				2FD8F65417A8A90A0007685C /* libSDL-1.2.0.dylib in CopyFiles */,
				2F8FD01317B616BD00400C0B /* libpng15.15.dylib in CopyFiles */,
			);
			runOnlyForDeploymentPostprocessing = 0;
		};
		2F81229D1413F3950042DA30 /* CopyFiles */ = {
			isa = PBXCopyFilesBuildPhase;
			buildActionMask = 2147483647;
			dstPath = "";
			dstSubfolderSpec = 10;
			files = (
				2F8FD00217B60C6700400C0B /* mupen64plus-video-arachnoid.dylib in CopyFiles */,
				2F294B901792273300355455 /* MacMupen.framework in CopyFiles */,
			);
			runOnlyForDeploymentPostprocessing = 0;
		};
/* End PBXCopyFilesBuildPhase section */

/* Begin PBXFileReference section */
		2F281A7F17ACB480004EE8AA /* mupen64plus.cht */ = {isa = PBXFileReference; fileEncoding = 4; lastKnownFileType = text; name = mupen64plus.cht; path = "mupen64plus-upstream/-products/share/mupen64plus/mupen64plus.cht"; sourceTree = SOURCE_ROOT; };
		2F281A8017ACB480004EE8AA /* mupen64plus.ini */ = {isa = PBXFileReference; fileEncoding = 4; lastKnownFileType = text; name = mupen64plus.ini; path = "mupen64plus-upstream/-products/share/mupen64plus/mupen64plus.ini"; sourceTree = SOURCE_ROOT; };
		2F281A8117ACB480004EE8AA /* mupencheat.txt */ = {isa = PBXFileReference; fileEncoding = 4; lastKnownFileType = text; name = mupencheat.txt; path = "mupen64plus-upstream/-products/share/mupen64plus/mupencheat.txt"; sourceTree = SOURCE_ROOT; };
		2F281A8217ACB480004EE8AA /* RiceVideoLinux.ini */ = {isa = PBXFileReference; fileEncoding = 4; lastKnownFileType = text; name = RiceVideoLinux.ini; path = "mupen64plus-upstream/-products/share/mupen64plus/RiceVideoLinux.ini"; sourceTree = SOURCE_ROOT; };
		2F281AFB17ACE0C4004EE8AA /* mupen64plus-upstream.xcodeproj */ = {isa = PBXFileReference; lastKnownFileType = "wrapper.pb-project"; name = "mupen64plus-upstream.xcodeproj"; path = "mupen64plus-upstream/mupen64plus-upstream.xcodeproj"; sourceTree = "<group>"; };
		2F281B1117ACE89A004EE8AA /* libmupen64plus.dylib */ = {isa = PBXFileReference; explicitFileType = "compiled.mach-o.dylib"; name = libmupen64plus.dylib; path = "mupen64plus-upstream/-products/lib/libmupen64plus.dylib"; sourceTree = SOURCE_ROOT; };
		2F281B5C17B0B006004EE8AA /* mupen64plus-audio-sdl.dylib */ = {isa = PBXFileReference; lastKnownFileType = "compiled.mach-o.bundle"; name = "mupen64plus-audio-sdl.dylib"; path = "mupen64plus-upstream/-products/lib/mupen64plus/mupen64plus-audio-sdl.dylib"; sourceTree = SOURCE_ROOT; };
		2F281B5D17B0B006004EE8AA /* mupen64plus-rsp-hle.dylib */ = {isa = PBXFileReference; lastKnownFileType = "compiled.mach-o.bundle"; name = "mupen64plus-rsp-hle.dylib"; path = "mupen64plus-upstream/-products/lib/mupen64plus/mupen64plus-rsp-hle.dylib"; sourceTree = SOURCE_ROOT; };
		2F281B5E17B0B006004EE8AA /* mupen64plus-video-rice.dylib */ = {isa = PBXFileReference; lastKnownFileType = "compiled.mach-o.bundle"; name = "mupen64plus-video-rice.dylib"; path = "mupen64plus-upstream/-products/lib/mupen64plus/mupen64plus-video-rice.dylib"; sourceTree = SOURCE_ROOT; };
		2F294B6A179224C900355455 /* MacMupen.framework */ = {isa = PBXFileReference; explicitFileType = wrapper.framework; includeInIndex = 0; path = MacMupen.framework; sourceTree = BUILT_PRODUCTS_DIR; };
		2F294B6E179224C900355455 /* MacMupen-Info.plist */ = {isa = PBXFileReference; lastKnownFileType = text.plist.xml; path = "MacMupen-Info.plist"; sourceTree = "<group>"; };
		2F294B70179224C900355455 /* en */ = {isa = PBXFileReference; lastKnownFileType = text.plist.strings; name = en; path = en.lproj/InfoPlist.strings; sourceTree = "<group>"; };
		2F294B72179224C900355455 /* MacMupen-Prefix.pch */ = {isa = PBXFileReference; lastKnownFileType = sourcecode.c.h; path = "MacMupen-Prefix.pch"; sourceTree = "<group>"; };
		2F2B7C83176EAB250001D2A5 /* Volume33PercentTemplate.pdf */ = {isa = PBXFileReference; lastKnownFileType = image.pdf; path = Volume33PercentTemplate.pdf; sourceTree = "<group>"; };
		2F2B7C84176EAB250001D2A5 /* Volume66PercentTemplate.pdf */ = {isa = PBXFileReference; lastKnownFileType = image.pdf; path = Volume66PercentTemplate.pdf; sourceTree = "<group>"; };
		2F2B7C85176EAB250001D2A5 /* Volume100PercentTemplate.pdf */ = {isa = PBXFileReference; lastKnownFileType = image.pdf; path = Volume100PercentTemplate.pdf; sourceTree = "<group>"; };
		2F2B7C86176EAB250001D2A5 /* Volume0PercentCroppedTemplate.pdf */ = {isa = PBXFileReference; lastKnownFileType = image.pdf; path = Volume0PercentCroppedTemplate.pdf; sourceTree = "<group>"; };
		2F2B7C87176EAB250001D2A5 /* Volume0PercentTemplate.pdf */ = {isa = PBXFileReference; lastKnownFileType = image.pdf; path = Volume0PercentTemplate.pdf; sourceTree = "<group>"; };
		2F3B4BCC17599C66007FC4D6 /* MALHid.xcodeproj */ = {isa = PBXFileReference; lastKnownFileType = "wrapper.pb-project"; name = MALHid.xcodeproj; path = MALInput/MALHid.xcodeproj; sourceTree = "<group>"; };
		2F4951151411019D00D2B2C1 /* MacMupen64.app */ = {isa = PBXFileReference; explicitFileType = wrapper.application; includeInIndex = 0; path = MacMupen64.app; sourceTree = BUILT_PRODUCTS_DIR; };
		2F4951191411019D00D2B2C1 /* Cocoa.framework */ = {isa = PBXFileReference; lastKnownFileType = wrapper.framework; name = Cocoa.framework; path = System/Library/Frameworks/Cocoa.framework; sourceTree = SDKROOT; };
		2F49511C1411019D00D2B2C1 /* AppKit.framework */ = {isa = PBXFileReference; lastKnownFileType = wrapper.framework; name = AppKit.framework; path = System/Library/Frameworks/AppKit.framework; sourceTree = SDKROOT; };
		2F49511D1411019D00D2B2C1 /* CoreData.framework */ = {isa = PBXFileReference; lastKnownFileType = wrapper.framework; name = CoreData.framework; path = System/Library/Frameworks/CoreData.framework; sourceTree = SDKROOT; };
		2F49511E1411019D00D2B2C1 /* Foundation.framework */ = {isa = PBXFileReference; lastKnownFileType = wrapper.framework; name = Foundation.framework; path = System/Library/Frameworks/Foundation.framework; sourceTree = SDKROOT; };
		2F4951211411019D00D2B2C1 /* MacMupen64-Info.plist */ = {isa = PBXFileReference; lastKnownFileType = text.plist.xml; path = "MacMupen64-Info.plist"; sourceTree = "<group>"; };
		2F4951231411019D00D2B2C1 /* en */ = {isa = PBXFileReference; lastKnownFileType = text.plist.strings; name = en; path = en.lproj/InfoPlist.strings; sourceTree = "<group>"; };
		2F4951271411019D00D2B2C1 /* MacMupen64-Prefix.pch */ = {isa = PBXFileReference; lastKnownFileType = sourcecode.c.h; path = "MacMupen64-Prefix.pch"; sourceTree = "<group>"; };
		2F4951291411019D00D2B2C1 /* en */ = {isa = PBXFileReference; lastKnownFileType = text.rtf; name = en; path = en.lproj/Credits.rtf; sourceTree = "<group>"; };
		2F49512F1411019D00D2B2C1 /* en */ = {isa = PBXFileReference; lastKnownFileType = file.xib; name = en; path = en.lproj/MainMenu.xib; sourceTree = "<group>"; };
		2F4951441411021600D2B2C1 /* cheat.c */ = {isa = PBXFileReference; fileEncoding = 4; lastKnownFileType = sourcecode.c.c; path = cheat.c; sourceTree = "<group>"; };
		2F4951451411021600D2B2C1 /* cheat.h */ = {isa = PBXFileReference; fileEncoding = 4; lastKnownFileType = sourcecode.c.h; path = cheat.h; sourceTree = "<group>"; };
		2F4951461411021600D2B2C1 /* compare_core.c */ = {isa = PBXFileReference; fileEncoding = 4; lastKnownFileType = sourcecode.c.c; path = compare_core.c; sourceTree = "<group>"; };
		2F4951471411021600D2B2C1 /* compare_core.h */ = {isa = PBXFileReference; fileEncoding = 4; lastKnownFileType = sourcecode.c.h; path = compare_core.h; sourceTree = "<group>"; };
		2F4951481411021600D2B2C1 /* main.m */ = {isa = PBXFileReference; fileEncoding = 4; lastKnownFileType = sourcecode.c.objc; path = main.m; sourceTree = "<group>"; };
		2F4951491411021600D2B2C1 /* main.h */ = {isa = PBXFileReference; fileEncoding = 4; lastKnownFileType = sourcecode.c.h; path = main.h; sourceTree = "<group>"; };
		2F49514A1411021600D2B2C1 /* osal_dynamiclib.h */ = {isa = PBXFileReference; fileEncoding = 4; lastKnownFileType = sourcecode.c.h; path = osal_dynamiclib.h; sourceTree = "<group>"; };
		2F49514B1411021600D2B2C1 /* osal_dynamiclib_unix.m */ = {isa = PBXFileReference; fileEncoding = 4; lastKnownFileType = sourcecode.c.objc; path = osal_dynamiclib_unix.m; sourceTree = "<group>"; };
		2F49514C1411021600D2B2C1 /* osal_preproc.h */ = {isa = PBXFileReference; fileEncoding = 4; lastKnownFileType = sourcecode.c.h; path = osal_preproc.h; sourceTree = "<group>"; };
		2F49514D1411021600D2B2C1 /* version.h */ = {isa = PBXFileReference; fileEncoding = 4; lastKnownFileType = sourcecode.c.h; path = version.h; sourceTree = "<group>"; };
		2F4951531411023300D2B2C1 /* SDLMain.m */ = {isa = PBXFileReference; fileEncoding = 4; lastKnownFileType = sourcecode.c.objc; path = SDLMain.m; sourceTree = "<group>"; };
		2F4951541411023300D2B2C1 /* videoExtension.h */ = {isa = PBXFileReference; fileEncoding = 4; lastKnownFileType = sourcecode.c.h; name = videoExtension.h; path = ../main/videoExtension.h; sourceTree = "<group>"; };
		2F4951551411023300D2B2C1 /* videoExtension.m */ = {isa = PBXFileReference; fileEncoding = 4; lastKnownFileType = sourcecode.c.objc; name = videoExtension.m; path = ../main/videoExtension.m; sourceTree = "<group>"; };
		2F495162141102BF00D2B2C1 /* OBJprintf.h */ = {isa = PBXFileReference; fileEncoding = 4; lastKnownFileType = sourcecode.c.h; path = OBJprintf.h; sourceTree = "<group>"; };
		2F495163141102BF00D2B2C1 /* MALAdditions.h */ = {isa = PBXFileReference; fileEncoding = 4; lastKnownFileType = sourcecode.c.h; path = MALAdditions.h; sourceTree = "<group>"; };
		2F495164141102BF00D2B2C1 /* MALAdditions.m */ = {isa = PBXFileReference; fileEncoding = 4; lastKnownFileType = sourcecode.c.objc; path = MALAdditions.m; sourceTree = "<group>"; };
		2F495165141102BF00D2B2C1 /* MALBackporting.h */ = {isa = PBXFileReference; fileEncoding = 4; lastKnownFileType = sourcecode.c.h; path = MALBackporting.h; sourceTree = "<group>"; };
		2F495166141102BF00D2B2C1 /* MALBackporting.m */ = {isa = PBXFileReference; fileEncoding = 4; lastKnownFileType = sourcecode.c.objc; path = MALBackporting.m; sourceTree = "<group>"; };
		2F495169141102CB00D2B2C1 /* core_interface.c */ = {isa = PBXFileReference; fileEncoding = 4; lastKnownFileType = sourcecode.c.c; path = core_interface.c; sourceTree = "<group>"; };
		2F49516A141102CB00D2B2C1 /* core_interface.h */ = {isa = PBXFileReference; fileEncoding = 4; lastKnownFileType = sourcecode.c.h; path = core_interface.h; sourceTree = "<group>"; };
		2F49516B141102CB00D2B2C1 /* MALMupenEngine.h */ = {isa = PBXFileReference; fileEncoding = 4; lastKnownFileType = sourcecode.c.h; path = MALMupenEngine.h; sourceTree = "<group>"; };
		2F49516C141102CB00D2B2C1 /* MALMupenEngine.m */ = {isa = PBXFileReference; fileEncoding = 4; lastKnownFileType = sourcecode.c.objc; path = MALMupenEngine.m; sourceTree = "<group>"; };
		2F49516D141102CB00D2B2C1 /* MALMupenPlugin.h */ = {isa = PBXFileReference; fileEncoding = 4; lastKnownFileType = sourcecode.c.h; path = MALMupenPlugin.h; sourceTree = "<group>"; };
		2F49516E141102CB00D2B2C1 /* MALMupenPlugin.m */ = {isa = PBXFileReference; fileEncoding = 4; lastKnownFileType = sourcecode.c.objc; path = MALMupenPlugin.m; sourceTree = "<group>"; };
		2F49516F141102CB00D2B2C1 /* MALMupenCore.h */ = {isa = PBXFileReference; fileEncoding = 4; lastKnownFileType = sourcecode.c.h; path = MALMupenCore.h; sourceTree = "<group>"; };
		2F495170141102CB00D2B2C1 /* MALMupenCore.m */ = {isa = PBXFileReference; fileEncoding = 4; lastKnownFileType = sourcecode.c.objc; path = MALMupenCore.m; sourceTree = "<group>"; };
		2F495171141102CB00D2B2C1 /* MALMupenRom.h */ = {isa = PBXFileReference; fileEncoding = 4; lastKnownFileType = sourcecode.c.h; path = MALMupenRom.h; sourceTree = "<group>"; };
		2F495172141102CB00D2B2C1 /* MALMupenRom.m */ = {isa = PBXFileReference; fileEncoding = 4; lastKnownFileType = sourcecode.c.objc; path = MALMupenRom.m; sourceTree = "<group>"; };
		2F49517D141102E700D2B2C1 /* MALPreferencesWindowController.h */ = {isa = PBXFileReference; fileEncoding = 4; lastKnownFileType = sourcecode.c.h; path = MALPreferencesWindowController.h; sourceTree = "<group>"; };
		2F49517E141102E700D2B2C1 /* MALPreferencesWindowController.m */ = {isa = PBXFileReference; fileEncoding = 4; lastKnownFileType = sourcecode.c.objc; path = MALPreferencesWindowController.m; sourceTree = "<group>"; };
		2F49517F141102E700D2B2C1 /* preferences.h */ = {isa = PBXFileReference; fileEncoding = 4; lastKnownFileType = sourcecode.c.h; name = preferences.h; path = ../preferences/preferences.h; sourceTree = "<group>"; };
		2F495180141102E700D2B2C1 /* preferences.m */ = {isa = PBXFileReference; fileEncoding = 4; lastKnownFileType = sourcecode.c.objc; name = preferences.m; path = ../preferences/preferences.m; sourceTree = "<group>"; };
		2F495186141102FD00D2B2C1 /* MALArrayController.h */ = {isa = PBXFileReference; fileEncoding = 4; lastKnownFileType = sourcecode.c.h; path = MALArrayController.h; sourceTree = "<group>"; };
		2F495187141102FD00D2B2C1 /* MALArrayController.m */ = {isa = PBXFileReference; fileEncoding = 4; lastKnownFileType = sourcecode.c.objc; path = MALArrayController.m; sourceTree = "<group>"; };
		2F495188141102FD00D2B2C1 /* MALGameWindow.h */ = {isa = PBXFileReference; fileEncoding = 4; lastKnownFileType = sourcecode.c.h; path = MALGameWindow.h; sourceTree = "<group>"; };
		2F495189141102FD00D2B2C1 /* MALGameWindow.m */ = {isa = PBXFileReference; fileEncoding = 4; lastKnownFileType = sourcecode.c.objc; path = MALGameWindow.m; sourceTree = "<group>"; };
		2F49518A141102FD00D2B2C1 /* MALMainWindowController.h */ = {isa = PBXFileReference; fileEncoding = 4; lastKnownFileType = sourcecode.c.h; path = MALMainWindowController.h; sourceTree = "<group>"; };
		2F49518B141102FD00D2B2C1 /* MALMainWindowController.m */ = {isa = PBXFileReference; fileEncoding = 4; lastKnownFileType = sourcecode.c.objc; path = MALMainWindowController.m; sourceTree = "<group>"; };
		2F4951901411032A00D2B2C1 /* PluginListPane.xib */ = {isa = PBXFileReference; fileEncoding = 4; lastKnownFileType = file.xib; path = PluginListPane.xib; sourceTree = "<group>"; };
		2F4951911411032A00D2B2C1 /* ROMListPane.xib */ = {isa = PBXFileReference; fileEncoding = 4; lastKnownFileType = file.xib; path = ROMListPane.xib; sourceTree = "<group>"; };
		2F4951941411032A00D2B2C1 /* font.ttf */ = {isa = PBXFileReference; lastKnownFileType = file; name = font.ttf; path = "../mupen64plus-upstream/-products/share/mupen64plus/font.ttf"; sourceTree = "<group>"; };
		2F4951981411032A00D2B2C1 /* mupen64plus_rom.icns */ = {isa = PBXFileReference; lastKnownFileType = image.icns; path = mupen64plus_rom.icns; sourceTree = "<group>"; };
		2F4951A41411032A00D2B2C1 /* InfoPlist.strings */ = {isa = PBXFileReference; fileEncoding = 4; lastKnownFileType = text.plist.strings; path = InfoPlist.strings; sourceTree = "<group>"; };
		2F4951A61411032A00D2B2C1 /* mainWindow.xib */ = {isa = PBXFileReference; fileEncoding = 4; lastKnownFileType = file.xib; path = mainWindow.xib; sourceTree = "<group>"; };
		2F4951A71411032A00D2B2C1 /* Preferences.xib */ = {isa = PBXFileReference; fileEncoding = 4; lastKnownFileType = file.xib; path = Preferences.xib; sourceTree = "<group>"; };
		2F4951A81411032A00D2B2C1 /* GameWindow.xib */ = {isa = PBXFileReference; fileEncoding = 4; lastKnownFileType = file.xib; path = GameWindow.xib; sourceTree = "<group>"; };
		2F4951D514110AFF00D2B2C1 /* mupen64plus.icns */ = {isa = PBXFileReference; lastKnownFileType = image.icns; path = mupen64plus.icns; sourceTree = "<group>"; };
		2F4951DD14110DF500D2B2C1 /* Preference Panes.bundle */ = {isa = PBXFileReference; explicitFileType = wrapper.cfbundle; includeInIndex = 0; path = "Preference Panes.bundle"; sourceTree = BUILT_PRODUCTS_DIR; };
		2F4951E114110DF600D2B2C1 /* Preference Panes-Info.plist */ = {isa = PBXFileReference; lastKnownFileType = text.plist.xml; path = "Preference Panes-Info.plist"; sourceTree = "<group>"; };
		2F4951E314110DF600D2B2C1 /* en */ = {isa = PBXFileReference; lastKnownFileType = text.plist.strings; name = en; path = en.lproj/InfoPlist.strings; sourceTree = "<group>"; };
		2F4951E514110DF600D2B2C1 /* Preference Panes-Prefix.pch */ = {isa = PBXFileReference; lastKnownFileType = sourcecode.c.h; path = "Preference Panes-Prefix.pch"; sourceTree = "<group>"; };
		2F620B6F161BC87D00A02BAE /* SDL.framework */ = {isa = PBXFileReference; lastKnownFileType = wrapper.framework; name = SDL.framework; path = ../../../../../../Library/Frameworks/SDL.framework; sourceTree = SOURCE_ROOT; };
		2F6663E516FFFF0F00AD360B /* n64ControllerBig.png */ = {isa = PBXFileReference; lastKnownFileType = image.png; path = n64ControllerBig.png; sourceTree = "<group>"; };
		2F768BEF17A8A8DF00E8CD2A /* libfreetype.6.dylib */ = {isa = PBXFileReference; lastKnownFileType = "compiled.mach-o.dylib"; name = libfreetype.6.dylib; path = resources/libs/libfreetype.6.dylib; sourceTree = SOURCE_ROOT; };
		2F768BF117A8A8DF00E8CD2A /* libSDL-1.2.0.dylib */ = {isa = PBXFileReference; lastKnownFileType = "compiled.mach-o.dylib"; name = "libSDL-1.2.0.dylib"; path = "resources/libs/libSDL-1.2.0.dylib"; sourceTree = SOURCE_ROOT; };
		2F8FCFD517B5F27800400C0B /* MALInput.framework */ = {isa = PBXFileReference; lastKnownFileType = wrapper.framework; name = MALInput.framework; path = MALInput/build/MALInput.framework; sourceTree = "<group>"; };
		2F8FCFDB17B5FB3A00400C0B /* mupen64plus-input-MALInput.xcodeproj */ = {isa = PBXFileReference; lastKnownFileType = "wrapper.pb-project"; name = "mupen64plus-input-MALInput.xcodeproj"; path = "input-plugin/mupen64plus-input-MALInput/mupen64plus-input-MALInput.xcodeproj"; sourceTree = "<group>"; };
		2F8FCFFA17B5FF5B00400C0B /* libmupen64plus-input-MALInput.dylib */ = {isa = PBXFileReference; lastKnownFileType = "compiled.mach-o.dylib"; name = "libmupen64plus-input-MALInput.dylib"; path = "../../input-plugin/mupen64plus-input-MALInput/build/libmupen64plus-input-MALInput.dylib"; sourceTree = "<group>"; };
		2F8FD00117B60C6700400C0B /* mupen64plus-video-arachnoid.dylib */ = {isa = PBXFileReference; lastKnownFileType = "compiled.mach-o.bundle"; name = "mupen64plus-video-arachnoid.dylib"; path = "../../mupen64plus-upstream/-products/lib/mupen64plus/mupen64plus-video-arachnoid.dylib"; sourceTree = "<group>"; };
		2F8FD00317B60EEC00400C0B /* Glide64mk2.ini */ = {isa = PBXFileReference; fileEncoding = 4; lastKnownFileType = text; name = Glide64mk2.ini; path = "../../mupen64plus-upstream/-products/share/mupen64plus/Glide64mk2.ini"; sourceTree = "<group>"; };
		2F8FD00517B60F1B00400C0B /* mupen64plus-video-glide64mk2.dylib */ = {isa = PBXFileReference; lastKnownFileType = "compiled.mach-o.bundle"; name = "mupen64plus-video-glide64mk2.dylib"; path = "../../mupen64plus-upstream/-products/lib/mupen64plus/mupen64plus-video-glide64mk2.dylib"; sourceTree = "<group>"; };
		2F8FD01117B616A900400C0B /* libpng15.15.dylib */ = {isa = PBXFileReference; lastKnownFileType = "compiled.mach-o.dylib"; path = libpng15.15.dylib; sourceTree = "<group>"; };
		2F8FD01517B61CFD00400C0B /* libboost_filesystem-mt.dylib */ = {isa = PBXFileReference; lastKnownFileType = "compiled.mach-o.dylib"; path = "libboost_filesystem-mt.dylib"; sourceTree = "<group>"; };
		2F8FD01617B61CFD00400C0B /* libboost_system-mt.dylib */ = {isa = PBXFileReference; lastKnownFileType = "compiled.mach-o.dylib"; path = "libboost_system-mt.dylib"; sourceTree = "<group>"; };
		2F8FD01917B724DA00400C0B /* libbz2.1.0.dylib */ = {isa = PBXFileReference; lastKnownFileType = "compiled.mach-o.dylib"; path = libbz2.1.0.dylib; sourceTree = "<group>"; };
		2F8FD01A17B724DA00400C0B /* libsamplerate.0.dylib */ = {isa = PBXFileReference; lastKnownFileType = "compiled.mach-o.dylib"; path = libsamplerate.0.dylib; sourceTree = "<group>"; };
		2F8FD01B17B724DA00400C0B /* libspeexdsp.1.dylib */ = {isa = PBXFileReference; lastKnownFileType = "compiled.mach-o.dylib"; path = libspeexdsp.1.dylib; sourceTree = "<group>"; };
		2F8FD01C17B724DA00400C0B /* libz.1.dylib */ = {isa = PBXFileReference; lastKnownFileType = "compiled.mach-o.dylib"; path = libz.1.dylib; sourceTree = "<group>"; };
		2F9FF6C61628B0B400E1821F /* OpenGL.framework */ = {isa = PBXFileReference; lastKnownFileType = wrapper.framework; name = OpenGL.framework; path = System/Library/Frameworks/OpenGL.framework; sourceTree = SDKROOT; };
		2FB3889316F29F1D0023CAAF /* InputPane.xib */ = {isa = PBXFileReference; fileEncoding = 4; lastKnownFileType = file.xib; path = InputPane.xib; sourceTree = "<group>"; };
		2FB3889916F2A1740023CAAF /* 09494148_64Controller_answer_1_small.jpeg */ = {isa = PBXFileReference; lastKnownFileType = image.jpeg; path = 09494148_64Controller_answer_1_small.jpeg; sourceTree = "<group>"; };
		2FB3889C16F2A3A10023CAAF /* MALPreferencesInputController.h */ = {isa = PBXFileReference; fileEncoding = 4; lastKnownFileType = sourcecode.c.h; path = MALPreferencesInputController.h; sourceTree = "<group>"; };
		2FB3889D16F2A3A10023CAAF /* MALPreferencesInputController.m */ = {isa = PBXFileReference; fileEncoding = 4; lastKnownFileType = sourcecode.c.objc; path = MALPreferencesInputController.m; sourceTree = "<group>"; };
		2FD8F65E17A8AE080007685C /* m64p_common.h */ = {isa = PBXFileReference; fileEncoding = 4; lastKnownFileType = sourcecode.c.h; path = m64p_common.h; sourceTree = "<group>"; };
		2FD8F65F17A8AE080007685C /* m64p_config.h */ = {isa = PBXFileReference; fileEncoding = 4; lastKnownFileType = sourcecode.c.h; path = m64p_config.h; sourceTree = "<group>"; };
		2FD8F66017A8AE080007685C /* m64p_debugger.h */ = {isa = PBXFileReference; fileEncoding = 4; lastKnownFileType = sourcecode.c.h; path = m64p_debugger.h; sourceTree = "<group>"; };
		2FD8F66117A8AE080007685C /* m64p_frontend.h */ = {isa = PBXFileReference; fileEncoding = 4; lastKnownFileType = sourcecode.c.h; path = m64p_frontend.h; sourceTree = "<group>"; };
		2FD8F66217A8AE080007685C /* m64p_plugin.h */ = {isa = PBXFileReference; fileEncoding = 4; lastKnownFileType = sourcecode.c.h; path = m64p_plugin.h; sourceTree = "<group>"; };
		2FD8F66317A8AE080007685C /* m64p_types.h */ = {isa = PBXFileReference; fileEncoding = 4; lastKnownFileType = sourcecode.c.h; path = m64p_types.h; sourceTree = "<group>"; };
		2FD8F66417A8AE080007685C /* m64p_vidext.h */ = {isa = PBXFileReference; fileEncoding = 4; lastKnownFileType = sourcecode.c.h; path = m64p_vidext.h; sourceTree = "<group>"; };
/* End PBXFileReference section */

/* Begin PBXFrameworksBuildPhase section */
		2F294B66179224C900355455 /* Frameworks */ = {
			isa = PBXFrameworksBuildPhase;
			buildActionMask = 2147483647;
			files = (
				2F8FCFEE17B5FBC900400C0B /* MALInput.framework in Frameworks */,
				2F294B6B179224C900355455 /* Cocoa.framework in Frameworks */,
				2FD8F65517A8A9200007685C /* libSDL-1.2.0.dylib in Frameworks */,
			);
			runOnlyForDeploymentPostprocessing = 0;
		};
		2F4951121411019D00D2B2C1 /* Frameworks */ = {
			isa = PBXFrameworksBuildPhase;
			buildActionMask = 2147483647;
			files = (
				2F8FCFFF17B6014400400C0B /* MALInput.framework in Frameworks */,
				2F294B8F1792272400355455 /* MacMupen.framework in Frameworks */,
				2F9FF6C71628B0B400E1821F /* OpenGL.framework in Frameworks */,
				2F49511A1411019D00D2B2C1 /* Cocoa.framework in Frameworks */,
			);
			runOnlyForDeploymentPostprocessing = 0;
		};
		2F4951DA14110DF500D2B2C1 /* Frameworks */ = {
			isa = PBXFrameworksBuildPhase;
			buildActionMask = 2147483647;
			files = (
				2F8FCFFE17B6012400400C0B /* MALInput.framework in Frameworks */,
				2F294B94179230D500355455 /* MacMupen.framework in Frameworks */,
				2F4951DE14110DF500D2B2C1 /* Cocoa.framework in Frameworks */,
			);
			runOnlyForDeploymentPostprocessing = 0;
		};
/* End PBXFrameworksBuildPhase section */

/* Begin PBXGroup section */
		2F294B6D179224C900355455 /* Supporting Files */ = {
			isa = PBXGroup;
			children = (
				2F294B6E179224C900355455 /* MacMupen-Info.plist */,
				2F294B6F179224C900355455 /* InfoPlist.strings */,
				2F294B72179224C900355455 /* MacMupen-Prefix.pch */,
			);
			name = "Supporting Files";
			path = ../../MacMupen;
			sourceTree = "<group>";
		};
		2F2B7C90176EAB290001D2A5 /* Volume */ = {
			isa = PBXGroup;
			children = (
				2F2B7C83176EAB250001D2A5 /* Volume33PercentTemplate.pdf */,
				2F2B7C84176EAB250001D2A5 /* Volume66PercentTemplate.pdf */,
				2F2B7C85176EAB250001D2A5 /* Volume100PercentTemplate.pdf */,
				2F2B7C86176EAB250001D2A5 /* Volume0PercentCroppedTemplate.pdf */,
				2F2B7C87176EAB250001D2A5 /* Volume0PercentTemplate.pdf */,
			);
			name = Volume;
			sourceTree = "<group>";
		};
		2F49510A1411019D00D2B2C1 = {
			isa = PBXGroup;
			children = (
				2F8FCFDB17B5FB3A00400C0B /* mupen64plus-input-MALInput.xcodeproj */,
				2F281AFB17ACE0C4004EE8AA /* mupen64plus-upstream.xcodeproj */,
				2F3B4BCC17599C66007FC4D6 /* MALHid.xcodeproj */,
				2F49511F1411019D00D2B2C1 /* MacMupen64 */,
				2F4951201411019D00D2B2C1 /* Resources */,
				2F4951DF14110DF500D2B2C1 /* Preference Panes */,
				2F4951181411019D00D2B2C1 /* Frameworks */,
				2F4951161411019D00D2B2C1 /* Products */,
			);
			sourceTree = "<group>";
		};
		2F4951161411019D00D2B2C1 /* Products */ = {
			isa = PBXGroup;
			children = (
				2F4951151411019D00D2B2C1 /* MacMupen64.app */,
				2F4951DD14110DF500D2B2C1 /* Preference Panes.bundle */,
				2F294B6A179224C900355455 /* MacMupen.framework */,
			);
			name = Products;
			sourceTree = "<group>";
		};
		2F4951181411019D00D2B2C1 /* Frameworks */ = {
			isa = PBXGroup;
			children = (
				2F8FCFD517B5F27800400C0B /* MALInput.framework */,
				2F9FF6C61628B0B400E1821F /* OpenGL.framework */,
				2F620B6F161BC87D00A02BAE /* SDL.framework */,
				2F4951191411019D00D2B2C1 /* Cocoa.framework */,
				2F49511B1411019D00D2B2C1 /* Other Frameworks */,
			);
			name = Frameworks;
			sourceTree = "<group>";
		};
		2F49511B1411019D00D2B2C1 /* Other Frameworks */ = {
			isa = PBXGroup;
			children = (
				2F49511C1411019D00D2B2C1 /* AppKit.framework */,
				2F49511D1411019D00D2B2C1 /* CoreData.framework */,
				2F49511E1411019D00D2B2C1 /* Foundation.framework */,
			);
			name = "Other Frameworks";
			sourceTree = "<group>";
		};
		2F49511F1411019D00D2B2C1 /* MacMupen64 */ = {
			isa = PBXGroup;
			children = (
				2F4951271411019D00D2B2C1 /* MacMupen64-Prefix.pch */,
				2F9FF6C31628AB4400E1821F /* MALlib */,
				2F495185141102EC00D2B2C1 /* Preferences Window */,
				2F49518F1411030200D2B2C1 /* Main Window */,
				2F495178141102D000D2B2C1 /* MacMupen Framework */,
			);
			path = MacMupen64;
			sourceTree = "<group>";
		};
		2F4951201411019D00D2B2C1 /* Resources */ = {
			isa = PBXGroup;
			children = (
				2F8FD01417B61BF700400C0B /* libs */,
				2F4951D714110C4E00D2B2C1 /* Config */,
				2F4951D414110ACD00D2B2C1 /* Icons */,
				2F4951D314110AA000D2B2C1 /* Plugins */,
				2F4951D814110C7E00D2B2C1 /* Xibs */,
				2F4951941411032A00D2B2C1 /* font.ttf */,
				2F6663E516FFFF0F00AD360B /* n64ControllerBig.png */,
				2FB3889916F2A1740023CAAF /* 09494148_64Controller_answer_1_small.jpeg */,
				2F4951A41411032A00D2B2C1 /* InfoPlist.strings */,
				2F4951211411019D00D2B2C1 /* MacMupen64-Info.plist */,
				2F4951221411019D00D2B2C1 /* InfoPlist.strings */,
				2F4951281411019D00D2B2C1 /* Credits.rtf */,
			);
			name = Resources;
			path = resources;
			sourceTree = "<group>";
		};
		2F495143141101F800D2B2C1 /* API */ = {
			isa = PBXGroup;
			children = (
				2FD8F65E17A8AE080007685C /* m64p_common.h */,
				2FD8F65F17A8AE080007685C /* m64p_config.h */,
				2FD8F66017A8AE080007685C /* m64p_debugger.h */,
				2FD8F66117A8AE080007685C /* m64p_frontend.h */,
				2FD8F66217A8AE080007685C /* m64p_plugin.h */,
				2FD8F66317A8AE080007685C /* m64p_types.h */,
				2FD8F66417A8AE080007685C /* m64p_vidext.h */,
			);
			name = API;
			path = "../../mupen64plus-upstream/-products/include/mupen64plus";
			sourceTree = "<group>";
		};
		2F4951521411021C00D2B2C1 /* Old Console SRC */ = {
			isa = PBXGroup;
			children = (
				2F4951441411021600D2B2C1 /* cheat.c */,
				2F4951451411021600D2B2C1 /* cheat.h */,
				2F4951461411021600D2B2C1 /* compare_core.c */,
				2F4951471411021600D2B2C1 /* compare_core.h */,
				2F4951481411021600D2B2C1 /* main.m */,
				2F4951491411021600D2B2C1 /* main.h */,
				2F49514A1411021600D2B2C1 /* osal_dynamiclib.h */,
				2F49514B1411021600D2B2C1 /* osal_dynamiclib_unix.m */,
				2F49514C1411021600D2B2C1 /* osal_preproc.h */,
				2F49514D1411021600D2B2C1 /* version.h */,
			);
			name = "Old Console SRC";
			path = ../old_console;
			sourceTree = "<group>";
		};
		2F495178141102D000D2B2C1 /* MacMupen Framework */ = {
			isa = PBXGroup;
			children = (
				2F49517F141102E700D2B2C1 /* preferences.h */,
				2F495180141102E700D2B2C1 /* preferences.m */,
				2F4951541411023300D2B2C1 /* videoExtension.h */,
				2F4951551411023300D2B2C1 /* videoExtension.m */,
				2F4951521411021C00D2B2C1 /* Old Console SRC */,
				2F495143141101F800D2B2C1 /* API */,
				2F495188141102FD00D2B2C1 /* MALGameWindow.h */,
				2F495189141102FD00D2B2C1 /* MALGameWindow.m */,
				2F495169141102CB00D2B2C1 /* core_interface.c */,
				2F49516A141102CB00D2B2C1 /* core_interface.h */,
				2F49516B141102CB00D2B2C1 /* MALMupenEngine.h */,
				2F49516C141102CB00D2B2C1 /* MALMupenEngine.m */,
				2F49516D141102CB00D2B2C1 /* MALMupenPlugin.h */,
				2F49516E141102CB00D2B2C1 /* MALMupenPlugin.m */,
				2F49516F141102CB00D2B2C1 /* MALMupenCore.h */,
				2F495170141102CB00D2B2C1 /* MALMupenCore.m */,
				2F495171141102CB00D2B2C1 /* MALMupenRom.h */,
				2F495172141102CB00D2B2C1 /* MALMupenRom.m */,
				2F294B6D179224C900355455 /* Supporting Files */,
			);
			name = "MacMupen Framework";
			path = objc_interface;
			sourceTree = "<group>";
		};
		2F495185141102EC00D2B2C1 /* Preferences Window */ = {
			isa = PBXGroup;
			children = (
				2F49517D141102E700D2B2C1 /* MALPreferencesWindowController.h */,
				2F49517E141102E700D2B2C1 /* MALPreferencesWindowController.m */,
				2FB3889C16F2A3A10023CAAF /* MALPreferencesInputController.h */,
				2FB3889D16F2A3A10023CAAF /* MALPreferencesInputController.m */,
			);
			name = "Preferences Window";
			path = preferences;
			sourceTree = "<group>";
		};
		2F49518F1411030200D2B2C1 /* Main Window */ = {
			isa = PBXGroup;
			children = (
				2F495186141102FD00D2B2C1 /* MALArrayController.h */,
				2F495187141102FD00D2B2C1 /* MALArrayController.m */,
				2F49518A141102FD00D2B2C1 /* MALMainWindowController.h */,
				2F49518B141102FD00D2B2C1 /* MALMainWindowController.m */,
				2F4951531411023300D2B2C1 /* SDLMain.m */,
			);
			name = "Main Window";
			path = main;
			sourceTree = "<group>";
		};
		2F4951D314110AA000D2B2C1 /* Plugins */ = {
			isa = PBXGroup;
			children = (
				2F281B5C17B0B006004EE8AA /* mupen64plus-audio-sdl.dylib */,
				2F281B5D17B0B006004EE8AA /* mupen64plus-rsp-hle.dylib */,
				2F281B5E17B0B006004EE8AA /* mupen64plus-video-rice.dylib */,
				2F8FD00117B60C6700400C0B /* mupen64plus-video-arachnoid.dylib */,
				2F8FD00517B60F1B00400C0B /* mupen64plus-video-glide64mk2.dylib */,
				2F281B1117ACE89A004EE8AA /* libmupen64plus.dylib */,
				2F8FCFFA17B5FF5B00400C0B /* libmupen64plus-input-MALInput.dylib */,
			);
			name = Plugins;
			path = plugins;
			sourceTree = "<group>";
		};
		2F4951D414110ACD00D2B2C1 /* Icons */ = {
			isa = PBXGroup;
			children = (
				2F2B7C90176EAB290001D2A5 /* Volume */,
				2F4951D514110AFF00D2B2C1 /* mupen64plus.icns */,
				2F4951981411032A00D2B2C1 /* mupen64plus_rom.icns */,
			);
			name = Icons;
			path = icons;
			sourceTree = "<group>";
		};
		2F4951D714110C4E00D2B2C1 /* Config */ = {
			isa = PBXGroup;
			children = (
				2F281A7F17ACB480004EE8AA /* mupen64plus.cht */,
				2F281A8017ACB480004EE8AA /* mupen64plus.ini */,
				2F281A8117ACB480004EE8AA /* mupencheat.txt */,
				2F8FD00317B60EEC00400C0B /* Glide64mk2.ini */,
				2F281A8217ACB480004EE8AA /* RiceVideoLinux.ini */,
			);
			name = Config;
			path = config;
			sourceTree = "<group>";
		};
		2F4951D814110C7E00D2B2C1 /* Xibs */ = {
			isa = PBXGroup;
			children = (
				2FB3889316F29F1D0023CAAF /* InputPane.xib */,
				2F4951901411032A00D2B2C1 /* PluginListPane.xib */,
				2F4951911411032A00D2B2C1 /* ROMListPane.xib */,
				2F4951A61411032A00D2B2C1 /* mainWindow.xib */,
				2F49512E1411019D00D2B2C1 /* MainMenu.xib */,
				2F4951A71411032A00D2B2C1 /* Preferences.xib */,
				2F4951A81411032A00D2B2C1 /* GameWindow.xib */,
			);
			name = Xibs;
			path = xibs;
			sourceTree = "<group>";
		};
		2F4951DF14110DF500D2B2C1 /* Preference Panes */ = {
			isa = PBXGroup;
			children = (
				2F4951E014110DF600D2B2C1 /* Supporting Files */,
			);
			path = "Preference Panes";
			sourceTree = "<group>";
		};
		2F4951E014110DF600D2B2C1 /* Supporting Files */ = {
			isa = PBXGroup;
			children = (
				2F4951E114110DF600D2B2C1 /* Preference Panes-Info.plist */,
				2F4951E214110DF600D2B2C1 /* InfoPlist.strings */,
				2F4951E514110DF600D2B2C1 /* Preference Panes-Prefix.pch */,
			);
			name = "Supporting Files";
			sourceTree = "<group>";
		};
		2F8FCFDC17B5FB3A00400C0B /* Products */ = {
			isa = PBXGroup;
			children = (
				2F8FCFE217B5FB3B00400C0B /* libmupen64plus-input-MALInput.dylib */,
			);
			name = Products;
			sourceTree = "<group>";
		};
		2F8FD01417B61BF700400C0B /* libs */ = {
			isa = PBXGroup;
			children = (
				2F8FD01517B61CFD00400C0B /* libboost_filesystem-mt.dylib */,
				2F8FD01617B61CFD00400C0B /* libboost_system-mt.dylib */,
				2F768BEF17A8A8DF00E8CD2A /* libfreetype.6.dylib */,
				2F8FD01117B616A900400C0B /* libpng15.15.dylib */,
				2F768BF117A8A8DF00E8CD2A /* libSDL-1.2.0.dylib */,
				2F8FD01917B724DA00400C0B /* libbz2.1.0.dylib */,
				2F8FD01A17B724DA00400C0B /* libsamplerate.0.dylib */,
				2F8FD01B17B724DA00400C0B /* libspeexdsp.1.dylib */,
				2F8FD01C17B724DA00400C0B /* libz.1.dylib */,
			);
			path = libs;
			sourceTree = "<group>";
		};
		2F9FF6C31628AB4400E1821F /* MALlib */ = {
			isa = PBXGroup;
			children = (
				2F495162141102BF00D2B2C1 /* OBJprintf.h */,
				2F495163141102BF00D2B2C1 /* MALAdditions.h */,
				2F495164141102BF00D2B2C1 /* MALAdditions.m */,
				2F495165141102BF00D2B2C1 /* MALBackporting.h */,
				2F495166141102BF00D2B2C1 /* MALBackporting.m */,
			);
			path = MALlib;
			sourceTree = "<group>";
		};
		2FF8AD8817B0CFA40060F0E9 /* Products */ = {
			isa = PBXGroup;
			children = (
			);
			name = Products;
			sourceTree = "<group>";
		};
		2FF8AD9B17B5EA4F0060F0E9 /* Products */ = {
			isa = PBXGroup;
			children = (
				2FF8ADA017B5EA4F0060F0E9 /* HIDTest */,
				2FF8ADA217B5EA4F0060F0E9 /* MALInput.framework */,
			);
			name = Products;
			sourceTree = "<group>";
		};
/* End PBXGroup section */

/* Begin PBXHeadersBuildPhase section */
		2F294B67179224C900355455 /* Headers */ = {
			isa = PBXHeadersBuildPhase;
			buildActionMask = 2147483647;
			files = (
				2F294B831792260500355455 /* MALGameWindow.h in Headers */,
				2F294B841792260500355455 /* core_interface.h in Headers */,
				2F294B851792260500355455 /* MALMupenEngine.h in Headers */,
				2F294B861792260500355455 /* MALMupenPlugin.h in Headers */,
				2F294B871792260500355455 /* MALMupenCore.h in Headers */,
				2F294B881792260500355455 /* MALMupenRom.h in Headers */,
				2FD8F66F17A8AE080007685C /* m64p_common.h in Headers */,
				2FD8F67017A8AE080007685C /* m64p_config.h in Headers */,
				2FD8F67117A8AE080007685C /* m64p_debugger.h in Headers */,
				2FD8F67217A8AE080007685C /* m64p_frontend.h in Headers */,
				2FD8F67317A8AE080007685C /* m64p_plugin.h in Headers */,
				2FD8F67417A8AE080007685C /* m64p_types.h in Headers */,
				2FD8F67517A8AE080007685C /* m64p_vidext.h in Headers */,
			);
			runOnlyForDeploymentPostprocessing = 0;
		};
/* End PBXHeadersBuildPhase section */

/* Begin PBXNativeTarget section */
		2F294B69179224C900355455 /* MacMupen */ = {
			isa = PBXNativeTarget;
			buildConfigurationList = 2F294B7B179224CA00355455 /* Build configuration list for PBXNativeTarget "MacMupen" */;
			buildPhases = (
				2F294B65179224C900355455 /* Sources */,
				2F294B66179224C900355455 /* Frameworks */,
				2F294B67179224C900355455 /* Headers */,
				2F294B68179224C900355455 /* Resources */,
			);
			buildRules = (
			);
			dependencies = (
				2F8FCFEC17B5FBC200400C0B /* PBXTargetDependency */,
			);
			name = MacMupen;
			productName = MacMupen;
			productReference = 2F294B6A179224C900355455 /* MacMupen.framework */;
			productType = "com.apple.product-type.framework";
		};
		2F4951141411019D00D2B2C1 /* MacMupen64 */ = {
			isa = PBXNativeTarget;
			buildConfigurationList = 2F4951331411019D00D2B2C1 /* Build configuration list for PBXNativeTarget "MacMupen64" */;
			buildPhases = (
				2F4951111411019D00D2B2C1 /* Sources */,
				2F4951121411019D00D2B2C1 /* Frameworks */,
				2F4951131411019D00D2B2C1 /* Resources */,
				2F4951C81411057200D2B2C1 /* CopyFiles */,
				2F4951CE141105D800D2B2C1 /* CopyFiles */,
				2F81229D1413F3950042DA30 /* CopyFiles */,
			);
			buildRules = (
			);
			dependencies = (
				2F8FCFF317B5FEFD00400C0B /* PBXTargetDependency */,
				2F8FCFD317B5F26200400C0B /* PBXTargetDependency */,
				2F49520214128F5E00D2B2C1 /* PBXTargetDependency */,
			);
			name = MacMupen64;
			productName = MacMupen64;
			productReference = 2F4951151411019D00D2B2C1 /* MacMupen64.app */;
			productType = "com.apple.product-type.application";
		};
		2F4951DC14110DF500D2B2C1 /* Preference Panes */ = {
			isa = PBXNativeTarget;
			buildConfigurationList = 2F4951E614110DF600D2B2C1 /* Build configuration list for PBXNativeTarget "Preference Panes" */;
			buildPhases = (
				2F4951D914110DF500D2B2C1 /* Sources */,
				2F4951DA14110DF500D2B2C1 /* Frameworks */,
				2F4951DB14110DF500D2B2C1 /* Resources */,
			);
			buildRules = (
			);
			dependencies = (
				2F8FCFFD17B6011D00400C0B /* PBXTargetDependency */,
			);
			name = "Preference Panes";
			productName = "Preference Panes";
			productReference = 2F4951DD14110DF500D2B2C1 /* Preference Panes.bundle */;
			productType = "com.apple.product-type.bundle";
		};
/* End PBXNativeTarget section */

/* Begin PBXProject section */
		2F49510C1411019D00D2B2C1 /* Project object */ = {
			isa = PBXProject;
			attributes = {
				LastUpgradeCheck = 0460;
			};
			buildConfigurationList = 2F49510F1411019D00D2B2C1 /* Build configuration list for PBXProject "MacMupen64" */;
			compatibilityVersion = "Xcode 3.2";
			developmentRegion = English;
			hasScannedForEncodings = 0;
			knownRegions = (
				en,
			);
			mainGroup = 2F49510A1411019D00D2B2C1;
			productRefGroup = 2F4951161411019D00D2B2C1 /* Products */;
			projectDirPath = "";
			projectReferences = (
				{
					ProductGroup = 2FF8AD9B17B5EA4F0060F0E9 /* Products */;
					ProjectRef = 2F3B4BCC17599C66007FC4D6 /* MALHid.xcodeproj */;
				},
				{
					ProductGroup = 2F8FCFDC17B5FB3A00400C0B /* Products */;
					ProjectRef = 2F8FCFDB17B5FB3A00400C0B /* mupen64plus-input-MALInput.xcodeproj */;
				},
				{
					ProductGroup = 2FF8AD8817B0CFA40060F0E9 /* Products */;
					ProjectRef = 2F281AFB17ACE0C4004EE8AA /* mupen64plus-upstream.xcodeproj */;
				},
			);
			projectRoot = "";
			targets = (
				2F4951141411019D00D2B2C1 /* MacMupen64 */,
				2F4951DC14110DF500D2B2C1 /* Preference Panes */,
				2F294B69179224C900355455 /* MacMupen */,
			);
		};
/* End PBXProject section */

/* Begin PBXReferenceProxy section */
		2F8FCFE217B5FB3B00400C0B /* libmupen64plus-input-MALInput.dylib */ = {
			isa = PBXReferenceProxy;
			fileType = "compiled.mach-o.dylib";
			path = "libmupen64plus-input-MALInput.dylib";
			remoteRef = 2F8FCFE117B5FB3B00400C0B /* PBXContainerItemProxy */;
			sourceTree = BUILT_PRODUCTS_DIR;
		};
		2FF8ADA017B5EA4F0060F0E9 /* HIDTest */ = {
			isa = PBXReferenceProxy;
			fileType = "compiled.mach-o.executable";
			path = HIDTest;
			remoteRef = 2FF8AD9F17B5EA4F0060F0E9 /* PBXContainerItemProxy */;
			sourceTree = BUILT_PRODUCTS_DIR;
		};
		2FF8ADA217B5EA4F0060F0E9 /* MALInput.framework */ = {
			isa = PBXReferenceProxy;
			fileType = wrapper.framework;
			path = MALInput.framework;
			remoteRef = 2FF8ADA117B5EA4F0060F0E9 /* PBXContainerItemProxy */;
			sourceTree = BUILT_PRODUCTS_DIR;
		};
/* End PBXReferenceProxy section */

/* Begin PBXResourcesBuildPhase section */
		2F294B68179224C900355455 /* Resources */ = {
			isa = PBXResourcesBuildPhase;
			buildActionMask = 2147483647;
			files = (
				2F294B71179224C900355455 /* InfoPlist.strings in Resources */,
			);
			runOnlyForDeploymentPostprocessing = 0;
		};
		2F4951131411019D00D2B2C1 /* Resources */ = {
			isa = PBXResourcesBuildPhase;
			buildActionMask = 2147483647;
			files = (
				2F4951241411019D00D2B2C1 /* InfoPlist.strings in Resources */,
				2F49512A1411019D00D2B2C1 /* Credits.rtf in Resources */,
				2F4951301411019D00D2B2C1 /* MainMenu.xib in Resources */,
				2F4951A91411032A00D2B2C1 /* PluginListPane.xib in Resources */,
				2F4951AA1411032A00D2B2C1 /* ROMListPane.xib in Resources */,
				2F4951AD1411032A00D2B2C1 /* font.ttf in Resources */,
				2F4951B11411032A00D2B2C1 /* mupen64plus_rom.icns in Resources */,
				2F4951BD1411032A00D2B2C1 /* InfoPlist.strings in Resources */,
				2F4951BF1411032A00D2B2C1 /* mainWindow.xib in Resources */,
				2F4951C01411032A00D2B2C1 /* Preferences.xib in Resources */,
				2F4951C11411032A00D2B2C1 /* GameWindow.xib in Resources */,
				2F4951D614110AFF00D2B2C1 /* mupen64plus.icns in Resources */,
				2FB3889A16F2A1740023CAAF /* 09494148_64Controller_answer_1_small.jpeg in Resources */,
				2F6663E616FFFF0F00AD360B /* n64ControllerBig.png in Resources */,
				2F2B7C88176EAB250001D2A5 /* Volume33PercentTemplate.pdf in Resources */,
				2F2B7C89176EAB250001D2A5 /* Volume66PercentTemplate.pdf in Resources */,
				2F2B7C8A176EAB250001D2A5 /* Volume100PercentTemplate.pdf in Resources */,
				2F2B7C8B176EAB250001D2A5 /* Volume0PercentCroppedTemplate.pdf in Resources */,
				2F2B7C8C176EAB250001D2A5 /* Volume0PercentTemplate.pdf in Resources */,
				2F281A8717ACB4F3004EE8AA /* mupen64plus.cht in Resources */,
				2F281A8817ACB4F3004EE8AA /* mupen64plus.ini in Resources */,
				2F281A8917ACB4F3004EE8AA /* mupencheat.txt in Resources */,
				2F8FD00817B60F7A00400C0B /* Glide64mk2.ini in Resources */,
				2F281A8A17ACB4F3004EE8AA /* RiceVideoLinux.ini in Resources */,
			);
			runOnlyForDeploymentPostprocessing = 0;
		};
		2F4951DB14110DF500D2B2C1 /* Resources */ = {
			isa = PBXResourcesBuildPhase;
			buildActionMask = 2147483647;
			files = (
				2F4951E414110DF600D2B2C1 /* InfoPlist.strings in Resources */,
				2FB3889B16F2A1960023CAAF /* 09494148_64Controller_answer_1_small.jpeg in Resources */,
			);
			runOnlyForDeploymentPostprocessing = 0;
		};
/* End PBXResourcesBuildPhase section */

/* Begin PBXSourcesBuildPhase section */
		2F294B65179224C900355455 /* Sources */ = {
			isa = PBXSourcesBuildPhase;
			buildActionMask = 2147483647;
			files = (
				2F294B7D179225F800355455 /* MALGameWindow.m in Sources */,
				2F294B7E179225F800355455 /* core_interface.c in Sources */,
				2F294B7F179225F800355455 /* MALMupenEngine.m in Sources */,
				2F294B80179225F800355455 /* MALMupenPlugin.m in Sources */,
				2F294B81179225F800355455 /* MALMupenCore.m in Sources */,
				2F294B82179225F800355455 /* MALMupenRom.m in Sources */,
				2F294B8A179226E100355455 /* cheat.c in Sources */,
				2F294B8B179226E100355455 /* compare_core.c in Sources */,
				2F294B8C179226E100355455 /* main.m in Sources */,
				2F294B8D179226E100355455 /* osal_dynamiclib_unix.m in Sources */,
				2F294B8E1792270500355455 /* videoExtension.m in Sources */,
				2F294B9117922BD600355455 /* preferences.m in Sources */,
			);
			runOnlyForDeploymentPostprocessing = 0;
		};
		2F4951111411019D00D2B2C1 /* Sources */ = {
			isa = PBXSourcesBuildPhase;
			buildActionMask = 2147483647;
			files = (
				2F9FF6C41628B06500E1821F /* MALAdditions.m in Sources */,
				2F9FF6C51628B06500E1821F /* MALBackporting.m in Sources */,
				2F4951561411023300D2B2C1 /* SDLMain.m in Sources */,
				2F49518C141102FD00D2B2C1 /* MALArrayController.m in Sources */,
				2F49518E141102FD00D2B2C1 /* MALMainWindowController.m in Sources */,
				2FB388A016F2A5F60023CAAF /* MALPreferencesWindowController.m in Sources */,
			);
			runOnlyForDeploymentPostprocessing = 0;
		};
		2F4951D914110DF500D2B2C1 /* Sources */ = {
			isa = PBXSourcesBuildPhase;
			buildActionMask = 2147483647;
			files = (
				2F4951E914110E2D00D2B2C1 /* PluginListPane.xib in Sources */,
				2F4951EA14110E2F00D2B2C1 /* ROMListPane.xib in Sources */,
				2FB3889816F29FAC0023CAAF /* InputPane.xib in Sources */,
				2FB388A116F2A5FA0023CAAF /* MALPreferencesInputController.m in Sources */,
			);
			runOnlyForDeploymentPostprocessing = 0;
		};
/* End PBXSourcesBuildPhase section */

/* Begin PBXTargetDependency section */
		2F49520214128F5E00D2B2C1 /* PBXTargetDependency */ = {
			isa = PBXTargetDependency;
			target = 2F4951DC14110DF500D2B2C1 /* Preference Panes */;
			targetProxy = 2F49520114128F5E00D2B2C1 /* PBXContainerItemProxy */;
		};
		2F8FCFD317B5F26200400C0B /* PBXTargetDependency */ = {
			isa = PBXTargetDependency;
			name = "MALInput (copy products to project dir)";
			targetProxy = 2F8FCFD217B5F26200400C0B /* PBXContainerItemProxy */;
		};
		2F8FCFEC17B5FBC200400C0B /* PBXTargetDependency */ = {
			isa = PBXTargetDependency;
			name = "MALInput (copy products to project dir)";
			targetProxy = 2F8FCFEB17B5FBC200400C0B /* PBXContainerItemProxy */;
		};
		2F8FCFF317B5FEFD00400C0B /* PBXTargetDependency */ = {
			isa = PBXTargetDependency;
			name = "mupen64plus-input (copy products to source directory)";
			targetProxy = 2F8FCFF217B5FEFD00400C0B /* PBXContainerItemProxy */;
		};
		2F8FCFFD17B6011D00400C0B /* PBXTargetDependency */ = {
			isa = PBXTargetDependency;
			name = "MALInput (copy products to project dir)";
			targetProxy = 2F8FCFFC17B6011D00400C0B /* PBXContainerItemProxy */;
		};
/* End PBXTargetDependency section */

/* Begin PBXVariantGroup section */
		2F294B6F179224C900355455 /* InfoPlist.strings */ = {
			isa = PBXVariantGroup;
			children = (
				2F294B70179224C900355455 /* en */,
			);
			name = InfoPlist.strings;
			sourceTree = "<group>";
		};
		2F4951221411019D00D2B2C1 /* InfoPlist.strings */ = {
			isa = PBXVariantGroup;
			children = (
				2F4951231411019D00D2B2C1 /* en */,
			);
			name = InfoPlist.strings;
			sourceTree = "<group>";
		};
		2F4951281411019D00D2B2C1 /* Credits.rtf */ = {
			isa = PBXVariantGroup;
			children = (
				2F4951291411019D00D2B2C1 /* en */,
			);
			name = Credits.rtf;
			sourceTree = "<group>";
		};
		2F49512E1411019D00D2B2C1 /* MainMenu.xib */ = {
			isa = PBXVariantGroup;
			children = (
				2F49512F1411019D00D2B2C1 /* en */,
			);
			name = MainMenu.xib;
			sourceTree = "<group>";
		};
		2F4951E214110DF600D2B2C1 /* InfoPlist.strings */ = {
			isa = PBXVariantGroup;
			children = (
				2F4951E314110DF600D2B2C1 /* en */,
			);
			name = InfoPlist.strings;
			sourceTree = "<group>";
		};
/* End PBXVariantGroup section */

/* Begin XCBuildConfiguration section */
		2F294B76179224CA00355455 /* Debug */ = {
			isa = XCBuildConfiguration;
			buildSettings = {
				ALWAYS_SEARCH_USER_PATHS = YES;
				CLANG_CXX_LANGUAGE_STANDARD = "gnu++0x";
				CLANG_CXX_LIBRARY = "libc++";
				CLANG_WARN_CONSTANT_CONVERSION = YES;
				CLANG_WARN_EMPTY_BODY = YES;
				CLANG_WARN_ENUM_CONVERSION = YES;
				CLANG_WARN_INT_CONVERSION = YES;
				CLANG_WARN__DUPLICATE_METHOD_MATCH = YES;
				COMBINE_HIDPI_IMAGES = YES;
				DYLIB_COMPATIBILITY_VERSION = 1;
				DYLIB_CURRENT_VERSION = 1;
				FRAMEWORK_SEARCH_PATHS = (
					"$(inherited)",
					"\"$(SRCROOT)\"",
					"\"$(SRCROOT)/../../../../Library/Developer/Xcode/DerivedData/Products/Products/Debug\"",
					/Users/rovolo/Library/Developer/Xcode/DerivedData/Products/Products/Debug,
					/Library/Frameworks,
				);
				FRAMEWORK_VERSION = A;
				GCC_PRECOMPILE_PREFIX_HEADER = YES;
				GCC_PREFIX_HEADER = "MacMupen/MacMupen-Prefix.pch";
				GCC_WARN_UNINITIALIZED_AUTOS = YES;
				INFOPLIST_FILE = "MacMupen/MacMupen-Info.plist";
				INSTALL_PATH = "@executable_path/../Frameworks";
				LIBRARY_SEARCH_PATHS = (
					"$(inherited)",
					"\"$(SRCROOT)/resources/plugins\"",
				);
				MACOSX_DEPLOYMENT_TARGET = 10.6;
				PRODUCT_NAME = "$(TARGET_NAME)";
				WRAPPER_EXTENSION = framework;
			};
			name = Debug;
		};
		2F294B77179224CA00355455 /* Release */ = {
			isa = XCBuildConfiguration;
			buildSettings = {
				ALWAYS_SEARCH_USER_PATHS = YES;
				CLANG_CXX_LANGUAGE_STANDARD = "gnu++0x";
				CLANG_CXX_LIBRARY = "libc++";
				CLANG_WARN_CONSTANT_CONVERSION = YES;
				CLANG_WARN_EMPTY_BODY = YES;
				CLANG_WARN_ENUM_CONVERSION = YES;
				CLANG_WARN_INT_CONVERSION = YES;
				CLANG_WARN__DUPLICATE_METHOD_MATCH = YES;
				COMBINE_HIDPI_IMAGES = YES;
				DYLIB_COMPATIBILITY_VERSION = 1;
				DYLIB_CURRENT_VERSION = 1;
				FRAMEWORK_SEARCH_PATHS = (
					"$(inherited)",
					"\"$(SRCROOT)\"",
					"\"$(SRCROOT)/../../../../Library/Developer/Xcode/DerivedData/Products/Products/Debug\"",
					/Users/rovolo/Library/Developer/Xcode/DerivedData/Products/Products/Debug,
					/Library/Frameworks,
				);
				FRAMEWORK_VERSION = A;
				GCC_PRECOMPILE_PREFIX_HEADER = YES;
				GCC_PREFIX_HEADER = "MacMupen/MacMupen-Prefix.pch";
				GCC_WARN_UNINITIALIZED_AUTOS = YES;
				INFOPLIST_FILE = "MacMupen/MacMupen-Info.plist";
				INSTALL_PATH = "@executable_path/../Frameworks";
				LIBRARY_SEARCH_PATHS = (
					"$(inherited)",
					"\"$(SRCROOT)/resources/plugins\"",
				);
				MACOSX_DEPLOYMENT_TARGET = 10.6;
				PRODUCT_NAME = "$(TARGET_NAME)";
				WRAPPER_EXTENSION = framework;
			};
			name = Release;
		};
		2F4951311411019D00D2B2C1 /* Debug */ = {
			isa = XCBuildConfiguration;
			buildSettings = {
				ALWAYS_SEARCH_USER_PATHS = YES;
				ARCHS = "$(ARCHS_STANDARD_64_BIT)";
				CLANG_ENABLE_OBJC_ARC = NO;
				COPY_PHASE_STRIP = NO;
				GCC_C_LANGUAGE_STANDARD = gnu99;
				GCC_DYNAMIC_NO_PIC = NO;
				GCC_ENABLE_OBJC_EXCEPTIONS = YES;
				GCC_OPTIMIZATION_LEVEL = 0;
				GCC_PREPROCESSOR_DEFINITIONS = (
					"DEBUG=1",
					"$(inherited)",
				);
				GCC_SYMBOLS_PRIVATE_EXTERN = NO;
				GCC_VERSION = "";
				GCC_WARN_64_TO_32_BIT_CONVERSION = YES;
				GCC_WARN_ABOUT_MISSING_PROTOTYPES = YES;
				GCC_WARN_ABOUT_RETURN_TYPE = YES;
				GCC_WARN_UNUSED_VARIABLE = YES;
				IBC_WARNINGS = NO;
				MACOSX_DEPLOYMENT_TARGET = 10.6;
				ONLY_ACTIVE_ARCH = YES;
				SDKROOT = macosx;
			};
			name = Debug;
		};
		2F4951321411019D00D2B2C1 /* Release */ = {
			isa = XCBuildConfiguration;
			buildSettings = {
				ALWAYS_SEARCH_USER_PATHS = YES;
				ARCHS = "$(ARCHS_STANDARD_64_BIT)";
				CLANG_ENABLE_OBJC_ARC = NO;
				COPY_PHASE_STRIP = YES;
				DEBUG_INFORMATION_FORMAT = "dwarf-with-dsym";
				GCC_C_LANGUAGE_STANDARD = gnu99;
				GCC_ENABLE_OBJC_EXCEPTIONS = YES;
				GCC_VERSION = "";
				GCC_WARN_64_TO_32_BIT_CONVERSION = YES;
				GCC_WARN_ABOUT_MISSING_PROTOTYPES = YES;
				GCC_WARN_ABOUT_RETURN_TYPE = YES;
				GCC_WARN_UNUSED_VARIABLE = YES;
				IBC_WARNINGS = NO;
				MACOSX_DEPLOYMENT_TARGET = 10.6;
				SDKROOT = macosx;
			};
			name = Release;
		};
		2F4951341411019D00D2B2C1 /* Debug */ = {
			isa = XCBuildConfiguration;
			buildSettings = {
				COMBINE_HIDPI_IMAGES = YES;
				FRAMEWORK_SEARCH_PATHS = (
					"$(inherited)",
					"\"$(SRCROOT)\"",
					"\"$(SRCROOT)/../../../../Library/Developer/Xcode/DerivedData/Products/Products/Debug\"",
					/Users/rovolo/Library/Developer/Xcode/DerivedData/Products/Products/Debug,
					/Library/Frameworks,
				);
				GCC_PRECOMPILE_PREFIX_HEADER = YES;
				GCC_PREFIX_HEADER = "MacMupen64/MacMupen64-Prefix.pch";
				INFOPLIST_FILE = "$(SRCROOT)/resources/MacMupen64-Info.plist";
				LIBRARY_SEARCH_PATHS = (
					"$(inherited)",
					"\"$(SRCROOT)/MacMupen64\"",
					"\"$(SRCROOT)/resources/plugins\"",
					"\"$(SRCROOT)/resources\"",
				);
				MACOSX_DEPLOYMENT_TARGET = 10.6;
				PRODUCT_NAME = "$(TARGET_NAME)";
				WRAPPER_EXTENSION = app;
			};
			name = Debug;
		};
		2F4951351411019D00D2B2C1 /* Release */ = {
			isa = XCBuildConfiguration;
			buildSettings = {
				COMBINE_HIDPI_IMAGES = YES;
				FRAMEWORK_SEARCH_PATHS = (
					"$(inherited)",
					"\"$(SRCROOT)\"",
					"\"$(SRCROOT)/../../../../Library/Developer/Xcode/DerivedData/Products/Products/Debug\"",
					/Users/rovolo/Library/Developer/Xcode/DerivedData/Products/Products/Debug,
					/Library/Frameworks,
				);
				GCC_PRECOMPILE_PREFIX_HEADER = YES;
				GCC_PREFIX_HEADER = "MacMupen64/MacMupen64-Prefix.pch";
				INFOPLIST_FILE = "$(SRCROOT)/resources/MacMupen64-Info.plist";
				LIBRARY_SEARCH_PATHS = (
					"$(inherited)",
					"\"$(SRCROOT)/MacMupen64\"",
					"\"$(SRCROOT)/resources/plugins\"",
					"\"$(SRCROOT)/resources\"",
				);
				MACOSX_DEPLOYMENT_TARGET = 10.6;
				PRODUCT_NAME = "$(TARGET_NAME)";
				WRAPPER_EXTENSION = app;
			};
			name = Release;
		};
		2F4951E714110DF600D2B2C1 /* Debug */ = {
			isa = XCBuildConfiguration;
			buildSettings = {
				COMBINE_HIDPI_IMAGES = YES;
				FRAMEWORK_SEARCH_PATHS = (
					"$(inherited)",
					"\"$(SRCROOT)/../../../../Library/Developer/Xcode/DerivedData/Products/Products/Debug\"",
				);
				GCC_PRECOMPILE_PREFIX_HEADER = YES;
				GCC_PREFIX_HEADER = "Preference Panes/Preference Panes-Prefix.pch";
				INFOPLIST_FILE = "Preference Panes/Preference Panes-Info.plist";
				INSTALL_PATH = "$(LOCAL_LIBRARY_DIR)/Bundles";
				PRODUCT_NAME = "$(TARGET_NAME)";
				WRAPPER_EXTENSION = bundle;
			};
			name = Debug;
		};
		2F4951E814110DF600D2B2C1 /* Release */ = {
			isa = XCBuildConfiguration;
			buildSettings = {
				COMBINE_HIDPI_IMAGES = YES;
				FRAMEWORK_SEARCH_PATHS = (
					"$(inherited)",
					"\"$(SRCROOT)/../../../../Library/Developer/Xcode/DerivedData/Products/Products/Debug\"",
				);
				GCC_PRECOMPILE_PREFIX_HEADER = YES;
				GCC_PREFIX_HEADER = "Preference Panes/Preference Panes-Prefix.pch";
				INFOPLIST_FILE = "Preference Panes/Preference Panes-Info.plist";
				INSTALL_PATH = "$(LOCAL_LIBRARY_DIR)/Bundles";
				PRODUCT_NAME = "$(TARGET_NAME)";
				WRAPPER_EXTENSION = bundle;
			};
			name = Release;
		};
/* End XCBuildConfiguration section */

/* Begin XCConfigurationList section */
		2F294B7B179224CA00355455 /* Build configuration list for PBXNativeTarget "MacMupen" */ = {
			isa = XCConfigurationList;
			buildConfigurations = (
				2F294B76179224CA00355455 /* Debug */,
				2F294B77179224CA00355455 /* Release */,
			);
			defaultConfigurationIsVisible = 0;
			defaultConfigurationName = Release;
		};
		2F49510F1411019D00D2B2C1 /* Build configuration list for PBXProject "MacMupen64" */ = {
			isa = XCConfigurationList;
			buildConfigurations = (
				2F4951311411019D00D2B2C1 /* Debug */,
				2F4951321411019D00D2B2C1 /* Release */,
			);
			defaultConfigurationIsVisible = 0;
			defaultConfigurationName = Release;
		};
		2F4951331411019D00D2B2C1 /* Build configuration list for PBXNativeTarget "MacMupen64" */ = {
			isa = XCConfigurationList;
			buildConfigurations = (
				2F4951341411019D00D2B2C1 /* Debug */,
				2F4951351411019D00D2B2C1 /* Release */,
			);
			defaultConfigurationIsVisible = 0;
			defaultConfigurationName = Release;
		};
		2F4951E614110DF600D2B2C1 /* Build configuration list for PBXNativeTarget "Preference Panes" */ = {
			isa = XCConfigurationList;
			buildConfigurations = (
				2F4951E714110DF600D2B2C1 /* Debug */,
				2F4951E814110DF600D2B2C1 /* Release */,
			);
			defaultConfigurationIsVisible = 0;
			defaultConfigurationName = Release;
		};
/* End XCConfigurationList section */
	};
	rootObject = 2F49510C1411019D00D2B2C1 /* Project object */;
}
